
Microsoft Visual Studio Solution File, Format Version 9.00
# Visual Studio 2005
Project("{8BC9CEB8-8B4A-11D0-8D11-00A0C91BC942}") = "siege6", "siege6\siege6.vcproj", "{80CC5373-7B4D-4FD2-83D6-7B7361D32971}"
EndProject
Global
	GlobalSection(SolutionConfigurationPlatforms) = preSolution
		Debug|Win32 = Debug|Win32
		Release|Win32 = Release|Win32
	EndGlobalSection
	GlobalSection(ProjectConfigurationPlatforms) = postSolution
		{80CC5373-7B4D-4FD2-83D6-7B7361D32971}.Debug|Win32.ActiveCfg = Debug|Win32
		{80CC5373-7B4D-4FD2-83D6-7B7361D32971}.Debug|Win32.Build.0 = Debug|Win32
		{80CC5373-7B4D-4FD2-83D6-7B7361D32971}.Release|Win32.ActiveCfg = Release|Win32
		{80CC5373-7B4D-4FD2-83D6-7B7361D32971}.Release|Win32.Build.0 = Release|Win32
	EndGlobalSection
	GlobalSection(SolutionProperties) = preSolution
		HideSolutionNode = FALSE
	EndGlobalSection
EndGlobal
