
Microsoft Visual Studio Solution File, Format Version 9.00
# Visual Studio 2005
Project("{8BC9CEB8-8B4A-11D0-8D11-00A0C91BC942}") = "aac", "aac\aac.vcproj", "{4D81946F-1E18-44AC-9694-12DFD09F4574}"
EndProject
Project("{8BC9CEB8-8B4A-11D0-8D11-00A0C91BC942}") = "ac3", "ac3\ac3.vcproj", "{3814EB9B-3CC3-478C-8286-1B5C2BF702CF}"
EndProject
Project("{8BC9CEB8-8B4A-11D0-8D11-00A0C91BC942}") = "amr", "amr\amr.vcproj", "{A99A6048-7534-42AD-9986-F5E0F13ED039}"
EndProject
Project("{8BC9CEB8-8B4A-11D0-8D11-00A0C91BC942}") = "asap", "asap\asap.vcproj", "{01A304AB-1B92-48C1-A551-9149942B1FD3}"
EndProject
Project("{8BC9CEB8-8B4A-11D0-8D11-00A0C91BC942}") = "camera", "camera\camera.vcproj", "{A8F1C6FB-E924-40CB-B946-C484E70452FE}"
EndProject
Project("{8BC9CEB8-8B4A-11D0-8D11-00A0C91BC942}") = "common", "common\common.vcproj", "{A3E75400-2C70-4D89-9D45-E08DC8259E67}"
EndProject
Project("{8BC9CEB8-8B4A-11D0-8D11-00A0C91BC942}") = "ffmpeg", "ffmpeg\ffmpeg.vcproj", "{5B40248C-A7DC-4BB4-9D37-348CA7CAB342}"
	ProjectSection(ProjectDependencies) = postProject
		{A3E75400-2C70-4D89-9D45-E08DC8259E67} = {A3E75400-2C70-4D89-9D45-E08DC8259E67}
	EndProjectSection
EndProject
Project("{8BC9CEB8-8B4A-11D0-8D11-00A0C91BC942}") = "flac", "flac\flac.vcproj", "{FA7C64A0-9867-4138-9F85-E41F57D6236E}"
	ProjectSection(ProjectDependencies) = postProject
		{A3E75400-2C70-4D89-9D45-E08DC8259E67} = {A3E75400-2C70-4D89-9D45-E08DC8259E67}
	EndProjectSection
EndProject
Project("{8BC9CEB8-8B4A-11D0-8D11-00A0C91BC942}") = "interface", "interface\interface.vcproj", "{7FCE554E-5455-4EEC-8E53-FF0FEF5F8228}"
	ProjectSection(ProjectDependencies) = postProject
		{A3E75400-2C70-4D89-9D45-E08DC8259E67} = {A3E75400-2C70-4D89-9D45-E08DC8259E67}
	EndProjectSection
EndProject
Project("{8BC9CEB8-8B4A-11D0-8D11-00A0C91BC942}") = "libmad", "libmad\libmad.vcproj", "{832323BE-F1FE-498C-B343-71D748D65228}"
	ProjectSection(ProjectDependencies) = postProject
		{A3E75400-2C70-4D89-9D45-E08DC8259E67} = {A3E75400-2C70-4D89-9D45-E08DC8259E67}
	EndProjectSection
EndProject
Project("{8BC9CEB8-8B4A-11D0-8D11-00A0C91BC942}") = "make", "make.palm.vcproj", "{4B9CFF8B-3450-45C6-94C3-A38FBF75AA8A}"
EndProject
Project("{8BC9CEB8-8B4A-11D0-8D11-00A0C91BC942}") = "matroska", "matroska\matroska.vcproj", "{0218513E-4F43-4DD5-AE65-7D5634801CDA}"
	ProjectSection(ProjectDependencies) = postProject
		{A3E75400-2C70-4D89-9D45-E08DC8259E67} = {A3E75400-2C70-4D89-9D45-E08DC8259E67}
	EndProjectSection
EndProject
Project("{8BC9CEB8-8B4A-11D0-8D11-00A0C91BC942}") = "mikmod", "mikmod\mikmod.vcproj", "{18BBC5CA-6F4E-46FF-89BB-88D7309019F9}"
	ProjectSection(ProjectDependencies) = postProject
		{A3E75400-2C70-4D89-9D45-E08DC8259E67} = {A3E75400-2C70-4D89-9D45-E08DC8259E67}
	EndProjectSection
EndProject
Project("{8BC9CEB8-8B4A-11D0-8D11-00A0C91BC942}") = "mpc", "mpc\mpc.vcproj", "{7FD4C9E7-FF17-44A0-AE9D-1064BF2178BC}"
	ProjectSection(ProjectDependencies) = postProject
		{A3E75400-2C70-4D89-9D45-E08DC8259E67} = {A3E75400-2C70-4D89-9D45-E08DC8259E67}
	EndProjectSection
EndProject
Project("{8BC9CEB8-8B4A-11D0-8D11-00A0C91BC942}") = "mpeg1", "mpeg1\mpeg1.vcproj", "{52DD0D1F-947E-47DE-B41B-86A34AF0B182}"
	ProjectSection(ProjectDependencies) = postProject
		{A3E75400-2C70-4D89-9D45-E08DC8259E67} = {A3E75400-2C70-4D89-9D45-E08DC8259E67}
	EndProjectSection
EndProject
Project("{8BC9CEB8-8B4A-11D0-8D11-00A0C91BC942}") = "network", "network\network.vcproj", "{0F6204A7-46DC-4FA5-ABF9-D75EE7BDF144}"
	ProjectSection(ProjectDependencies) = postProject
		{A3E75400-2C70-4D89-9D45-E08DC8259E67} = {A3E75400-2C70-4D89-9D45-E08DC8259E67}
	EndProjectSection
EndProject
Project("{8BC9CEB8-8B4A-11D0-8D11-00A0C91BC942}") = "player", "player\player.vcproj", "{79D23593-503E-4C31-9342-42A970AAE0AF}"
	ProjectSection(ProjectDependencies) = postProject
		{A3E75400-2C70-4D89-9D45-E08DC8259E67} = {A3E75400-2C70-4D89-9D45-E08DC8259E67}
		{A8F1C6FB-E924-40CB-B946-C484E70452FE} = {A8F1C6FB-E924-40CB-B946-C484E70452FE}
		{0218513E-4F43-4DD5-AE65-7D5634801CDA} = {0218513E-4F43-4DD5-AE65-7D5634801CDA}
		{7FD4C9E7-FF17-44A0-AE9D-1064BF2178BC} = {7FD4C9E7-FF17-44A0-AE9D-1064BF2178BC}
		{4D81946F-1E18-44AC-9694-12DFD09F4574} = {4D81946F-1E18-44AC-9694-12DFD09F4574}
		{7FCE554E-5455-4EEC-8E53-FF0FEF5F8228} = {7FCE554E-5455-4EEC-8E53-FF0FEF5F8228}
		{3814EB9B-3CC3-478C-8286-1B5C2BF702CF} = {3814EB9B-3CC3-478C-8286-1B5C2BF702CF}
		{5B40248C-A7DC-4BB4-9D37-348CA7CAB342} = {5B40248C-A7DC-4BB4-9D37-348CA7CAB342}
		{0F6204A7-46DC-4FA5-ABF9-D75EE7BDF144} = {0F6204A7-46DC-4FA5-ABF9-D75EE7BDF144}
		{52DD0D1F-947E-47DE-B41B-86A34AF0B182} = {52DD0D1F-947E-47DE-B41B-86A34AF0B182}
		{3E89EA8A-1931-4830-BF14-1A2E7066064D} = {3E89EA8A-1931-4830-BF14-1A2E7066064D}
		{832323BE-F1FE-498C-B343-71D748D65228} = {832323BE-F1FE-498C-B343-71D748D65228}
		{01A304AB-1B92-48C1-A551-9149942B1FD3} = {01A304AB-1B92-48C1-A551-9149942B1FD3}
		{FA7C64A0-9867-4138-9F85-E41F57D6236E} = {FA7C64A0-9867-4138-9F85-E41F57D6236E}
	EndProjectSection
EndProject
Project("{8BC9CEB8-8B4A-11D0-8D11-00A0C91BC942}") = "speex", "speex\speex.vcproj", "{3E89EA8A-1931-4830-BF14-1A2E7066064D}"
	ProjectSection(ProjectDependencies) = postProject
		{A3E75400-2C70-4D89-9D45-E08DC8259E67} = {A3E75400-2C70-4D89-9D45-E08DC8259E67}
	EndProjectSection
EndProject
Project("{8BC9CEB8-8B4A-11D0-8D11-00A0C91BC942}") = "splitter", "splitter\splitter.vcproj", "{53E4D5C1-3A4D-4DEC-9720-F9F692CD25AB}"
	ProjectSection(ProjectDependencies) = postProject
		{A3E75400-2C70-4D89-9D45-E08DC8259E67} = {A3E75400-2C70-4D89-9D45-E08DC8259E67}
	EndProjectSection
EndProject
Project("{8BC9CEB8-8B4A-11D0-8D11-00A0C91BC942}") = "template", "template\template.vcproj", "{B9A5A66D-26A9-41A0-911F-A60B196F52B1}"
	ProjectSection(ProjectDependencies) = postProject
		{A3E75400-2C70-4D89-9D45-E08DC8259E67} = {A3E75400-2C70-4D89-9D45-E08DC8259E67}
	EndProjectSection
EndProject
Project("{8BC9CEB8-8B4A-11D0-8D11-00A0C91BC942}") = "vorbishq", "vorbishq\vorbishq.vcproj", "{885E739B-4390-4F17-928C-5399AD50DA1D}"
	ProjectSection(ProjectDependencies) = postProject
		{A3E75400-2C70-4D89-9D45-E08DC8259E67} = {A3E75400-2C70-4D89-9D45-E08DC8259E67}
	EndProjectSection
EndProject
Project("{8BC9CEB8-8B4A-11D0-8D11-00A0C91BC942}") = "vorbislq", "vorbislq\vorbislq.vcproj", "{4AFE9712-D484-43E2-8292-B163F0D23F97}"
	ProjectSection(ProjectDependencies) = postProject
		{A3E75400-2C70-4D89-9D45-E08DC8259E67} = {A3E75400-2C70-4D89-9D45-E08DC8259E67}
	EndProjectSection
EndProject
Project("{8BC9CEB8-8B4A-11D0-8D11-00A0C91BC942}") = "wavpack", "wavpack\wavpack.vcproj", "{FA7C64A0-4864-4138-9F85-E41456423600}"
	ProjectSection(ProjectDependencies) = postProject
		{A3E75400-2C70-4D89-9D45-E08DC8259E67} = {A3E75400-2C70-4D89-9D45-E08DC8259E67}
	EndProjectSection
EndProject
Global
	GlobalSection(SolutionConfigurationPlatforms) = preSolution
		Debug Unicode|Pocket PC 2003 (ARMV4) = Debug Unicode|Pocket PC 2003 (ARMV4)
		Debug Unicode|Smartphone 2003 (ARMV4) = Debug Unicode|Smartphone 2003 (ARMV4)
		Debug Unicode|Win32 = Debug Unicode|Win32
		Debug Unicode|x64 = Debug Unicode|x64
		Debug|Pocket PC 2003 (ARMV4) = Debug|Pocket PC 2003 (ARMV4)
		Debug|Smartphone 2003 (ARMV4) = Debug|Smartphone 2003 (ARMV4)
		Debug|Win32 = Debug|Win32
		Debug|x64 = Debug|x64
		Release Unicode|Pocket PC 2003 (ARMV4) = Release Unicode|Pocket PC 2003 (ARMV4)
		Release Unicode|Smartphone 2003 (ARMV4) = Release Unicode|Smartphone 2003 (ARMV4)
		Release Unicode|Win32 = Release Unicode|Win32
		Release Unicode|x64 = Release Unicode|x64
		Release|Pocket PC 2003 (ARMV4) = Release|Pocket PC 2003 (ARMV4)
		Release|Smartphone 2003 (ARMV4) = Release|Smartphone 2003 (ARMV4)
		Release|Win32 = Release|Win32
		Release|x64 = Release|x64
		ReleaseNoPlugins|Pocket PC 2003 (ARMV4) = ReleaseNoPlugins|Pocket PC 2003 (ARMV4)
		ReleaseNoPlugins|Smartphone 2003 (ARMV4) = ReleaseNoPlugins|Smartphone 2003 (ARMV4)
		ReleaseNoPlugins|Win32 = ReleaseNoPlugins|Win32
		ReleaseNoPlugins|x64 = ReleaseNoPlugins|x64
	EndGlobalSection
	GlobalSection(ProjectConfigurationPlatforms) = postSolution
		{4D81946F-1E18-44AC-9694-12DFD09F4574}.Debug Unicode|Pocket PC 2003 (ARMV4).ActiveCfg = Debug|Win32
		{4D81946F-1E18-44AC-9694-12DFD09F4574}.Debug Unicode|Smartphone 2003 (ARMV4).ActiveCfg = Debug|Win32
		{4D81946F-1E18-44AC-9694-12DFD09F4574}.Debug Unicode|Win32.ActiveCfg = Debug|Win32
		{4D81946F-1E18-44AC-9694-12DFD09F4574}.Debug Unicode|Win32.Build.0 = Debug|Win32
		{4D81946F-1E18-44AC-9694-12DFD09F4574}.Debug Unicode|x64.ActiveCfg = Debug|Win32
		{4D81946F-1E18-44AC-9694-12DFD09F4574}.Debug|Pocket PC 2003 (ARMV4).ActiveCfg = Debug|Win32
		{4D81946F-1E18-44AC-9694-12DFD09F4574}.Debug|Smartphone 2003 (ARMV4).ActiveCfg = Debug|Win32
		{4D81946F-1E18-44AC-9694-12DFD09F4574}.Debug|Win32.ActiveCfg = Debug|Win32
		{4D81946F-1E18-44AC-9694-12DFD09F4574}.Debug|Win32.Build.0 = Debug|Win32
		{4D81946F-1E18-44AC-9694-12DFD09F4574}.Debug|x64.ActiveCfg = Debug|Win32
		{4D81946F-1E18-44AC-9694-12DFD09F4574}.Release Unicode|Pocket PC 2003 (ARMV4).ActiveCfg = Release|Win32
		{4D81946F-1E18-44AC-9694-12DFD09F4574}.Release Unicode|Smartphone 2003 (ARMV4).ActiveCfg = Release|Win32
		{4D81946F-1E18-44AC-9694-12DFD09F4574}.Release Unicode|Win32.ActiveCfg = Release|Win32
		{4D81946F-1E18-44AC-9694-12DFD09F4574}.Release Unicode|Win32.Build.0 = Release|Win32
		{4D81946F-1E18-44AC-9694-12DFD09F4574}.Release Unicode|x64.ActiveCfg = Release|Win32
		{4D81946F-1E18-44AC-9694-12DFD09F4574}.Release|Pocket PC 2003 (ARMV4).ActiveCfg = Release|Win32
		{4D81946F-1E18-44AC-9694-12DFD09F4574}.Release|Smartphone 2003 (ARMV4).ActiveCfg = Release|Win32
		{4D81946F-1E18-44AC-9694-12DFD09F4574}.Release|Win32.ActiveCfg = Release|Win32
		{4D81946F-1E18-44AC-9694-12DFD09F4574}.Release|Win32.Build.0 = Release|Win32
		{4D81946F-1E18-44AC-9694-12DFD09F4574}.Release|x64.ActiveCfg = Release|Win32
		{4D81946F-1E18-44AC-9694-12DFD09F4574}.ReleaseNoPlugins|Pocket PC 2003 (ARMV4).ActiveCfg = Release|Win32
		{4D81946F-1E18-44AC-9694-12DFD09F4574}.ReleaseNoPlugins|Smartphone 2003 (ARMV4).ActiveCfg = Release|Win32
		{4D81946F-1E18-44AC-9694-12DFD09F4574}.ReleaseNoPlugins|Win32.ActiveCfg = Release|Win32
		{4D81946F-1E18-44AC-9694-12DFD09F4574}.ReleaseNoPlugins|Win32.Build.0 = Release|Win32
		{4D81946F-1E18-44AC-9694-12DFD09F4574}.ReleaseNoPlugins|x64.ActiveCfg = Release|Win32
		{3814EB9B-3CC3-478C-8286-1B5C2BF702CF}.Debug Unicode|Pocket PC 2003 (ARMV4).ActiveCfg = Debug|Win32
		{3814EB9B-3CC3-478C-8286-1B5C2BF702CF}.Debug Unicode|Smartphone 2003 (ARMV4).ActiveCfg = Debug|Win32
		{3814EB9B-3CC3-478C-8286-1B5C2BF702CF}.Debug Unicode|Win32.ActiveCfg = Debug|Win32
		{3814EB9B-3CC3-478C-8286-1B5C2BF702CF}.Debug Unicode|Win32.Build.0 = Debug|Win32
		{3814EB9B-3CC3-478C-8286-1B5C2BF702CF}.Debug Unicode|x64.ActiveCfg = Debug|Win32
		{3814EB9B-3CC3-478C-8286-1B5C2BF702CF}.Debug|Pocket PC 2003 (ARMV4).ActiveCfg = Debug|Win32
		{3814EB9B-3CC3-478C-8286-1B5C2BF702CF}.Debug|Smartphone 2003 (ARMV4).ActiveCfg = Debug|Win32
		{3814EB9B-3CC3-478C-8286-1B5C2BF702CF}.Debug|Win32.ActiveCfg = Debug|Win32
		{3814EB9B-3CC3-478C-8286-1B5C2BF702CF}.Debug|Win32.Build.0 = Debug|Win32
		{3814EB9B-3CC3-478C-8286-1B5C2BF702CF}.Debug|x64.ActiveCfg = Debug|Win32
		{3814EB9B-3CC3-478C-8286-1B5C2BF702CF}.Release Unicode|Pocket PC 2003 (ARMV4).ActiveCfg = Release|Win32
		{3814EB9B-3CC3-478C-8286-1B5C2BF702CF}.Release Unicode|Smartphone 2003 (ARMV4).ActiveCfg = Release|Win32
		{3814EB9B-3CC3-478C-8286-1B5C2BF702CF}.Release Unicode|Win32.ActiveCfg = Release|Win32
		{3814EB9B-3CC3-478C-8286-1B5C2BF702CF}.Release Unicode|Win32.Build.0 = Release|Win32
		{3814EB9B-3CC3-478C-8286-1B5C2BF702CF}.Release Unicode|x64.ActiveCfg = Release|Win32
		{3814EB9B-3CC3-478C-8286-1B5C2BF702CF}.Release|Pocket PC 2003 (ARMV4).ActiveCfg = Release|Win32
		{3814EB9B-3CC3-478C-8286-1B5C2BF702CF}.Release|Smartphone 2003 (ARMV4).ActiveCfg = Release|Win32
		{3814EB9B-3CC3-478C-8286-1B5C2BF702CF}.Release|Win32.ActiveCfg = Release|Win32
		{3814EB9B-3CC3-478C-8286-1B5C2BF702CF}.Release|Win32.Build.0 = Release|Win32
		{3814EB9B-3CC3-478C-8286-1B5C2BF702CF}.Release|x64.ActiveCfg = Release|Win32
		{3814EB9B-3CC3-478C-8286-1B5C2BF702CF}.ReleaseNoPlugins|Pocket PC 2003 (ARMV4).ActiveCfg = Release|Win32
		{3814EB9B-3CC3-478C-8286-1B5C2BF702CF}.ReleaseNoPlugins|Smartphone 2003 (ARMV4).ActiveCfg = Release|Win32
		{3814EB9B-3CC3-478C-8286-1B5C2BF702CF}.ReleaseNoPlugins|Win32.ActiveCfg = Release|Win32
		{3814EB9B-3CC3-478C-8286-1B5C2BF702CF}.ReleaseNoPlugins|Win32.Build.0 = Release|Win32
		{3814EB9B-3CC3-478C-8286-1B5C2BF702CF}.ReleaseNoPlugins|x64.ActiveCfg = Release|Win32
		{A99A6048-7534-42AD-9986-F5E0F13ED039}.Debug Unicode|Pocket PC 2003 (ARMV4).ActiveCfg = Debug|Win32
		{A99A6048-7534-42AD-9986-F5E0F13ED039}.Debug Unicode|Smartphone 2003 (ARMV4).ActiveCfg = Debug|Win32
		{A99A6048-7534-42AD-9986-F5E0F13ED039}.Debug Unicode|Win32.ActiveCfg = Debug|Win32
		{A99A6048-7534-42AD-9986-F5E0F13ED039}.Debug Unicode|Win32.Build.0 = Debug|Win32
		{A99A6048-7534-42AD-9986-F5E0F13ED039}.Debug Unicode|x64.ActiveCfg = Debug|Win32
		{A99A6048-7534-42AD-9986-F5E0F13ED039}.Debug|Pocket PC 2003 (ARMV4).ActiveCfg = Debug|Win32
		{A99A6048-7534-42AD-9986-F5E0F13ED039}.Debug|Smartphone 2003 (ARMV4).ActiveCfg = Debug|Win32
		{A99A6048-7534-42AD-9986-F5E0F13ED039}.Debug|Win32.ActiveCfg = Debug|Win32
		{A99A6048-7534-42AD-9986-F5E0F13ED039}.Debug|Win32.Build.0 = Debug|Win32
		{A99A6048-7534-42AD-9986-F5E0F13ED039}.Debug|x64.ActiveCfg = Debug|Win32
		{A99A6048-7534-42AD-9986-F5E0F13ED039}.Release Unicode|Pocket PC 2003 (ARMV4).ActiveCfg = Release|Win32
		{A99A6048-7534-42AD-9986-F5E0F13ED039}.Release Unicode|Smartphone 2003 (ARMV4).ActiveCfg = Release|Win32
		{A99A6048-7534-42AD-9986-F5E0F13ED039}.Release Unicode|Win32.ActiveCfg = Release|Win32
		{A99A6048-7534-42AD-9986-F5E0F13ED039}.Release Unicode|Win32.Build.0 = Release|Win32
		{A99A6048-7534-42AD-9986-F5E0F13ED039}.Release Unicode|x64.ActiveCfg = Release|Win32
		{A99A6048-7534-42AD-9986-F5E0F13ED039}.Release|Pocket PC 2003 (ARMV4).ActiveCfg = Release|Win32
		{A99A6048-7534-42AD-9986-F5E0F13ED039}.Release|Smartphone 2003 (ARMV4).ActiveCfg = Release|Win32
		{A99A6048-7534-42AD-9986-F5E0F13ED039}.Release|Win32.ActiveCfg = Release|Win32
		{A99A6048-7534-42AD-9986-F5E0F13ED039}.Release|Win32.Build.0 = Release|Win32
		{A99A6048-7534-42AD-9986-F5E0F13ED039}.Release|x64.ActiveCfg = Release|Win32
		{A99A6048-7534-42AD-9986-F5E0F13ED039}.ReleaseNoPlugins|Pocket PC 2003 (ARMV4).ActiveCfg = Release|Win32
		{A99A6048-7534-42AD-9986-F5E0F13ED039}.ReleaseNoPlugins|Smartphone 2003 (ARMV4).ActiveCfg = Release|Win32
		{A99A6048-7534-42AD-9986-F5E0F13ED039}.ReleaseNoPlugins|Win32.ActiveCfg = Release|Win32
		{A99A6048-7534-42AD-9986-F5E0F13ED039}.ReleaseNoPlugins|Win32.Build.0 = Release|Win32
		{A99A6048-7534-42AD-9986-F5E0F13ED039}.ReleaseNoPlugins|x64.ActiveCfg = Release|Win32
		{01A304AB-1B92-48C1-A551-9149942B1FD3}.Debug Unicode|Pocket PC 2003 (ARMV4).ActiveCfg = Debug|Win32
		{01A304AB-1B92-48C1-A551-9149942B1FD3}.Debug Unicode|Smartphone 2003 (ARMV4).ActiveCfg = Debug|Win32
		{01A304AB-1B92-48C1-A551-9149942B1FD3}.Debug Unicode|Win32.ActiveCfg = Debug|Win32
		{01A304AB-1B92-48C1-A551-9149942B1FD3}.Debug Unicode|Win32.Build.0 = Debug|Win32
		{01A304AB-1B92-48C1-A551-9149942B1FD3}.Debug Unicode|x64.ActiveCfg = Debug|Win32
		{01A304AB-1B92-48C1-A551-9149942B1FD3}.Debug|Pocket PC 2003 (ARMV4).ActiveCfg = Debug|Win32
		{01A304AB-1B92-48C1-A551-9149942B1FD3}.Debug|Smartphone 2003 (ARMV4).ActiveCfg = Debug|Win32
		{01A304AB-1B92-48C1-A551-9149942B1FD3}.Debug|Win32.ActiveCfg = Debug|Win32
		{01A304AB-1B92-48C1-A551-9149942B1FD3}.Debug|Win32.Build.0 = Debug|Win32
		{01A304AB-1B92-48C1-A551-9149942B1FD3}.Debug|x64.ActiveCfg = Debug|Win32
		{01A304AB-1B92-48C1-A551-9149942B1FD3}.Release Unicode|Pocket PC 2003 (ARMV4).ActiveCfg = Release|Win32
		{01A304AB-1B92-48C1-A551-9149942B1FD3}.Release Unicode|Smartphone 2003 (ARMV4).ActiveCfg = Release|Win32
		{01A304AB-1B92-48C1-A551-9149942B1FD3}.Release Unicode|Win32.ActiveCfg = Release|Win32
		{01A304AB-1B92-48C1-A551-9149942B1FD3}.Release Unicode|Win32.Build.0 = Release|Win32
		{01A304AB-1B92-48C1-A551-9149942B1FD3}.Release Unicode|x64.ActiveCfg = Release|Win32
		{01A304AB-1B92-48C1-A551-9149942B1FD3}.Release|Pocket PC 2003 (ARMV4).ActiveCfg = Release|Win32
		{01A304AB-1B92-48C1-A551-9149942B1FD3}.Release|Smartphone 2003 (ARMV4).ActiveCfg = Release|Win32
		{01A304AB-1B92-48C1-A551-9149942B1FD3}.Release|Win32.ActiveCfg = Release|Win32
		{01A304AB-1B92-48C1-A551-9149942B1FD3}.Release|Win32.Build.0 = Release|Win32
		{01A304AB-1B92-48C1-A551-9149942B1FD3}.Release|x64.ActiveCfg = Release|Win32
		{01A304AB-1B92-48C1-A551-9149942B1FD3}.ReleaseNoPlugins|Pocket PC 2003 (ARMV4).ActiveCfg = Release|Win32
		{01A304AB-1B92-48C1-A551-9149942B1FD3}.ReleaseNoPlugins|Smartphone 2003 (ARMV4).ActiveCfg = Release|Win32
		{01A304AB-1B92-48C1-A551-9149942B1FD3}.ReleaseNoPlugins|Win32.ActiveCfg = Release|Win32
		{01A304AB-1B92-48C1-A551-9149942B1FD3}.ReleaseNoPlugins|Win32.Build.0 = Release|Win32
		{01A304AB-1B92-48C1-A551-9149942B1FD3}.ReleaseNoPlugins|x64.ActiveCfg = Release|Win32
		{A8F1C6FB-E924-40CB-B946-C484E70452FE}.Debug Unicode|Pocket PC 2003 (ARMV4).ActiveCfg = Debug Unicode|Pocket PC 2003 (ARMV4)
		{A8F1C6FB-E924-40CB-B946-C484E70452FE}.Debug Unicode|Pocket PC 2003 (ARMV4).Build.0 = Debug Unicode|Pocket PC 2003 (ARMV4)
		{A8F1C6FB-E924-40CB-B946-C484E70452FE}.Debug Unicode|Pocket PC 2003 (ARMV4).Deploy.0 = Debug Unicode|Pocket PC 2003 (ARMV4)
		{A8F1C6FB-E924-40CB-B946-C484E70452FE}.Debug Unicode|Smartphone 2003 (ARMV4).ActiveCfg = Debug Unicode|Smartphone 2003 (ARMV4)
		{A8F1C6FB-E924-40CB-B946-C484E70452FE}.Debug Unicode|Smartphone 2003 (ARMV4).Build.0 = Debug Unicode|Smartphone 2003 (ARMV4)
		{A8F1C6FB-E924-40CB-B946-C484E70452FE}.Debug Unicode|Smartphone 2003 (ARMV4).Deploy.0 = Debug Unicode|Smartphone 2003 (ARMV4)
		{A8F1C6FB-E924-40CB-B946-C484E70452FE}.Debug Unicode|Win32.ActiveCfg = Debug Unicode|Win32
		{A8F1C6FB-E924-40CB-B946-C484E70452FE}.Debug Unicode|Win32.Build.0 = Debug Unicode|Win32
		{A8F1C6FB-E924-40CB-B946-C484E70452FE}.Debug Unicode|x64.ActiveCfg = Debug Unicode|x64
		{A8F1C6FB-E924-40CB-B946-C484E70452FE}.Debug Unicode|x64.Build.0 = Debug Unicode|x64
		{A8F1C6FB-E924-40CB-B946-C484E70452FE}.Debug|Pocket PC 2003 (ARMV4).ActiveCfg = Debug|Pocket PC 2003 (ARMV4)
		{A8F1C6FB-E924-40CB-B946-C484E70452FE}.Debug|Pocket PC 2003 (ARMV4).Build.0 = Debug|Pocket PC 2003 (ARMV4)
		{A8F1C6FB-E924-40CB-B946-C484E70452FE}.Debug|Pocket PC 2003 (ARMV4).Deploy.0 = Debug|Pocket PC 2003 (ARMV4)
		{A8F1C6FB-E924-40CB-B946-C484E70452FE}.Debug|Smartphone 2003 (ARMV4).ActiveCfg = Debug|Smartphone 2003 (ARMV4)
		{A8F1C6FB-E924-40CB-B946-C484E70452FE}.Debug|Smartphone 2003 (ARMV4).Build.0 = Debug|Smartphone 2003 (ARMV4)
		{A8F1C6FB-E924-40CB-B946-C484E70452FE}.Debug|Smartphone 2003 (ARMV4).Deploy.0 = Debug|Smartphone 2003 (ARMV4)
		{A8F1C6FB-E924-40CB-B946-C484E70452FE}.Debug|Win32.ActiveCfg = Debug|Win32
		{A8F1C6FB-E924-40CB-B946-C484E70452FE}.Debug|Win32.Build.0 = Debug|Win32
		{A8F1C6FB-E924-40CB-B946-C484E70452FE}.Debug|x64.ActiveCfg = Debug|x64
		{A8F1C6FB-E924-40CB-B946-C484E70452FE}.Debug|x64.Build.0 = Debug|x64
		{A8F1C6FB-E924-40CB-B946-C484E70452FE}.Release Unicode|Pocket PC 2003 (ARMV4).ActiveCfg = Release Unicode|Pocket PC 2003 (ARMV4)
		{A8F1C6FB-E924-40CB-B946-C484E70452FE}.Release Unicode|Pocket PC 2003 (ARMV4).Build.0 = Release Unicode|Pocket PC 2003 (ARMV4)
		{A8F1C6FB-E924-40CB-B946-C484E70452FE}.Release Unicode|Pocket PC 2003 (ARMV4).Deploy.0 = Release Unicode|Pocket PC 2003 (ARMV4)
		{A8F1C6FB-E924-40CB-B946-C484E70452FE}.Release Unicode|Smartphone 2003 (ARMV4).ActiveCfg = Release Unicode|Smartphone 2003 (ARMV4)
		{A8F1C6FB-E924-40CB-B946-C484E70452FE}.Release Unicode|Smartphone 2003 (ARMV4).Build.0 = Release Unicode|Smartphone 2003 (ARMV4)
		{A8F1C6FB-E924-40CB-B946-C484E70452FE}.Release Unicode|Smartphone 2003 (ARMV4).Deploy.0 = Release Unicode|Smartphone 2003 (ARMV4)
		{A8F1C6FB-E924-40CB-B946-C484E70452FE}.Release Unicode|Win32.ActiveCfg = Release Unicode|Win32
		{A8F1C6FB-E924-40CB-B946-C484E70452FE}.Release Unicode|Win32.Build.0 = Release Unicode|Win32
		{A8F1C6FB-E924-40CB-B946-C484E70452FE}.Release Unicode|x64.ActiveCfg = Release Unicode|x64
		{A8F1C6FB-E924-40CB-B946-C484E70452FE}.Release Unicode|x64.Build.0 = Release Unicode|x64
		{A8F1C6FB-E924-40CB-B946-C484E70452FE}.Release|Pocket PC 2003 (ARMV4).ActiveCfg = Release|Pocket PC 2003 (ARMV4)
		{A8F1C6FB-E924-40CB-B946-C484E70452FE}.Release|Pocket PC 2003 (ARMV4).Build.0 = Release|Pocket PC 2003 (ARMV4)
		{A8F1C6FB-E924-40CB-B946-C484E70452FE}.Release|Pocket PC 2003 (ARMV4).Deploy.0 = Release|Pocket PC 2003 (ARMV4)
		{A8F1C6FB-E924-40CB-B946-C484E70452FE}.Release|Smartphone 2003 (ARMV4).ActiveCfg = Release|Smartphone 2003 (ARMV4)
		{A8F1C6FB-E924-40CB-B946-C484E70452FE}.Release|Smartphone 2003 (ARMV4).Build.0 = Release|Smartphone 2003 (ARMV4)
		{A8F1C6FB-E924-40CB-B946-C484E70452FE}.Release|Smartphone 2003 (ARMV4).Deploy.0 = Release|Smartphone 2003 (ARMV4)
		{A8F1C6FB-E924-40CB-B946-C484E70452FE}.Release|Win32.ActiveCfg = Release|Win32
		{A8F1C6FB-E924-40CB-B946-C484E70452FE}.Release|Win32.Build.0 = Release|Win32
		{A8F1C6FB-E924-40CB-B946-C484E70452FE}.Release|x64.ActiveCfg = Release|x64
		{A8F1C6FB-E924-40CB-B946-C484E70452FE}.Release|x64.Build.0 = Release|x64
		{A8F1C6FB-E924-40CB-B946-C484E70452FE}.ReleaseNoPlugins|Pocket PC 2003 (ARMV4).ActiveCfg = Release Unicode|x64
		{A8F1C6FB-E924-40CB-B946-C484E70452FE}.ReleaseNoPlugins|Smartphone 2003 (ARMV4).ActiveCfg = Release Unicode|x64
		{A8F1C6FB-E924-40CB-B946-C484E70452FE}.ReleaseNoPlugins|Win32.ActiveCfg = Release Unicode|x64
		{A8F1C6FB-E924-40CB-B946-C484E70452FE}.ReleaseNoPlugins|x64.ActiveCfg = Release Unicode|x64
		{A8F1C6FB-E924-40CB-B946-C484E70452FE}.ReleaseNoPlugins|x64.Build.0 = Release Unicode|x64
		{A3E75400-2C70-4D89-9D45-E08DC8259E67}.Debug Unicode|Pocket PC 2003 (ARMV4).ActiveCfg = Debug Unicode|Pocket PC 2003 (ARMV4)
		{A3E75400-2C70-4D89-9D45-E08DC8259E67}.Debug Unicode|Pocket PC 2003 (ARMV4).Build.0 = Debug Unicode|Pocket PC 2003 (ARMV4)
		{A3E75400-2C70-4D89-9D45-E08DC8259E67}.Debug Unicode|Pocket PC 2003 (ARMV4).Deploy.0 = Debug Unicode|Pocket PC 2003 (ARMV4)
		{A3E75400-2C70-4D89-9D45-E08DC8259E67}.Debug Unicode|Smartphone 2003 (ARMV4).ActiveCfg = Debug Unicode|Smartphone 2003 (ARMV4)
		{A3E75400-2C70-4D89-9D45-E08DC8259E67}.Debug Unicode|Smartphone 2003 (ARMV4).Build.0 = Debug Unicode|Smartphone 2003 (ARMV4)
		{A3E75400-2C70-4D89-9D45-E08DC8259E67}.Debug Unicode|Smartphone 2003 (ARMV4).Deploy.0 = Debug Unicode|Smartphone 2003 (ARMV4)
		{A3E75400-2C70-4D89-9D45-E08DC8259E67}.Debug Unicode|Win32.ActiveCfg = Debug Unicode|Win32
		{A3E75400-2C70-4D89-9D45-E08DC8259E67}.Debug Unicode|Win32.Build.0 = Debug Unicode|Win32
		{A3E75400-2C70-4D89-9D45-E08DC8259E67}.Debug Unicode|x64.ActiveCfg = Debug Unicode|x64
		{A3E75400-2C70-4D89-9D45-E08DC8259E67}.Debug Unicode|x64.Build.0 = Debug Unicode|x64
		{A3E75400-2C70-4D89-9D45-E08DC8259E67}.Debug|Pocket PC 2003 (ARMV4).ActiveCfg = Debug|Pocket PC 2003 (ARMV4)
		{A3E75400-2C70-4D89-9D45-E08DC8259E67}.Debug|Pocket PC 2003 (ARMV4).Build.0 = Debug|Pocket PC 2003 (ARMV4)
		{A3E75400-2C70-4D89-9D45-E08DC8259E67}.Debug|Pocket PC 2003 (ARMV4).Deploy.0 = Debug|Pocket PC 2003 (ARMV4)
		{A3E75400-2C70-4D89-9D45-E08DC8259E67}.Debug|Smartphone 2003 (ARMV4).ActiveCfg = Debug|Smartphone 2003 (ARMV4)
		{A3E75400-2C70-4D89-9D45-E08DC8259E67}.Debug|Smartphone 2003 (ARMV4).Build.0 = Debug|Smartphone 2003 (ARMV4)
		{A3E75400-2C70-4D89-9D45-E08DC8259E67}.Debug|Smartphone 2003 (ARMV4).Deploy.0 = Debug|Smartphone 2003 (ARMV4)
		{A3E75400-2C70-4D89-9D45-E08DC8259E67}.Debug|Win32.ActiveCfg = Debug|Win32
		{A3E75400-2C70-4D89-9D45-E08DC8259E67}.Debug|Win32.Build.0 = Debug|Win32
		{A3E75400-2C70-4D89-9D45-E08DC8259E67}.Debug|x64.ActiveCfg = Debug|x64
		{A3E75400-2C70-4D89-9D45-E08DC8259E67}.Debug|x64.Build.0 = Debug|x64
		{A3E75400-2C70-4D89-9D45-E08DC8259E67}.Release Unicode|Pocket PC 2003 (ARMV4).ActiveCfg = Release Unicode|Pocket PC 2003 (ARMV4)
		{A3E75400-2C70-4D89-9D45-E08DC8259E67}.Release Unicode|Pocket PC 2003 (ARMV4).Build.0 = Release Unicode|Pocket PC 2003 (ARMV4)
		{A3E75400-2C70-4D89-9D45-E08DC8259E67}.Release Unicode|Pocket PC 2003 (ARMV4).Deploy.0 = Release Unicode|Pocket PC 2003 (ARMV4)
		{A3E75400-2C70-4D89-9D45-E08DC8259E67}.Release Unicode|Smartphone 2003 (ARMV4).ActiveCfg = Release Unicode|Smartphone 2003 (ARMV4)
		{A3E75400-2C70-4D89-9D45-E08DC8259E67}.Release Unicode|Smartphone 2003 (ARMV4).Build.0 = Release Unicode|Smartphone 2003 (ARMV4)
		{A3E75400-2C70-4D89-9D45-E08DC8259E67}.Release Unicode|Smartphone 2003 (ARMV4).Deploy.0 = Release Unicode|Smartphone 2003 (ARMV4)
		{A3E75400-2C70-4D89-9D45-E08DC8259E67}.Release Unicode|Win32.ActiveCfg = Release Unicode|Win32
		{A3E75400-2C70-4D89-9D45-E08DC8259E67}.Release Unicode|Win32.Build.0 = Release Unicode|Win32
		{A3E75400-2C70-4D89-9D45-E08DC8259E67}.Release Unicode|x64.ActiveCfg = Release Unicode|x64
		{A3E75400-2C70-4D89-9D45-E08DC8259E67}.Release Unicode|x64.Build.0 = Release Unicode|x64
		{A3E75400-2C70-4D89-9D45-E08DC8259E67}.Release|Pocket PC 2003 (ARMV4).ActiveCfg = Release|Pocket PC 2003 (ARMV4)
		{A3E75400-2C70-4D89-9D45-E08DC8259E67}.Release|Pocket PC 2003 (ARMV4).Build.0 = Release|Pocket PC 2003 (ARMV4)
		{A3E75400-2C70-4D89-9D45-E08DC8259E67}.Release|Pocket PC 2003 (ARMV4).Deploy.0 = Release|Pocket PC 2003 (ARMV4)
		{A3E75400-2C70-4D89-9D45-E08DC8259E67}.Release|Smartphone 2003 (ARMV4).ActiveCfg = Release|Smartphone 2003 (ARMV4)
		{A3E75400-2C70-4D89-9D45-E08DC8259E67}.Release|Smartphone 2003 (ARMV4).Build.0 = Release|Smartphone 2003 (ARMV4)
		{A3E75400-2C70-4D89-9D45-E08DC8259E67}.Release|Smartphone 2003 (ARMV4).Deploy.0 = Release|Smartphone 2003 (ARMV4)
		{A3E75400-2C70-4D89-9D45-E08DC8259E67}.Release|Win32.ActiveCfg = Release|Win32
		{A3E75400-2C70-4D89-9D45-E08DC8259E67}.Release|Win32.Build.0 = Release|Win32
		{A3E75400-2C70-4D89-9D45-E08DC8259E67}.Release|x64.ActiveCfg = Release|x64
		{A3E75400-2C70-4D89-9D45-E08DC8259E67}.Release|x64.Build.0 = Release|x64
		{A3E75400-2C70-4D89-9D45-E08DC8259E67}.ReleaseNoPlugins|Pocket PC 2003 (ARMV4).ActiveCfg = Release Unicode|x64
		{A3E75400-2C70-4D89-9D45-E08DC8259E67}.ReleaseNoPlugins|Smartphone 2003 (ARMV4).ActiveCfg = Release Unicode|x64
		{A3E75400-2C70-4D89-9D45-E08DC8259E67}.ReleaseNoPlugins|Win32.ActiveCfg = Release Unicode|x64
		{A3E75400-2C70-4D89-9D45-E08DC8259E67}.ReleaseNoPlugins|x64.ActiveCfg = Release Unicode|x64
		{A3E75400-2C70-4D89-9D45-E08DC8259E67}.ReleaseNoPlugins|x64.Build.0 = Release Unicode|x64
		{5B40248C-A7DC-4BB4-9D37-348CA7CAB342}.Debug Unicode|Pocket PC 2003 (ARMV4).ActiveCfg = Debug|Win32
		{5B40248C-A7DC-4BB4-9D37-348CA7CAB342}.Debug Unicode|Smartphone 2003 (ARMV4).ActiveCfg = Debug|Win32
		{5B40248C-A7DC-4BB4-9D37-348CA7CAB342}.Debug Unicode|Win32.ActiveCfg = Debug|Win32
		{5B40248C-A7DC-4BB4-9D37-348CA7CAB342}.Debug Unicode|Win32.Build.0 = Debug|Win32
		{5B40248C-A7DC-4BB4-9D37-348CA7CAB342}.Debug Unicode|x64.ActiveCfg = Debug|Win32
		{5B40248C-A7DC-4BB4-9D37-348CA7CAB342}.Debug|Pocket PC 2003 (ARMV4).ActiveCfg = Debug|Win32
		{5B40248C-A7DC-4BB4-9D37-348CA7CAB342}.Debug|Smartphone 2003 (ARMV4).ActiveCfg = Debug|Win32
		{5B40248C-A7DC-4BB4-9D37-348CA7CAB342}.Debug|Win32.ActiveCfg = Debug|Win32
		{5B40248C-A7DC-4BB4-9D37-348CA7CAB342}.Debug|Win32.Build.0 = Debug|Win32
		{5B40248C-A7DC-4BB4-9D37-348CA7CAB342}.Debug|x64.ActiveCfg = Debug|Win32
		{5B40248C-A7DC-4BB4-9D37-348CA7CAB342}.Release Unicode|Pocket PC 2003 (ARMV4).ActiveCfg = Release|Win32
		{5B40248C-A7DC-4BB4-9D37-348CA7CAB342}.Release Unicode|Smartphone 2003 (ARMV4).ActiveCfg = Release|Win32
		{5B40248C-A7DC-4BB4-9D37-348CA7CAB342}.Release Unicode|Win32.ActiveCfg = Release|Win32
		{5B40248C-A7DC-4BB4-9D37-348CA7CAB342}.Release Unicode|Win32.Build.0 = Release|Win32
		{5B40248C-A7DC-4BB4-9D37-348CA7CAB342}.Release Unicode|x64.ActiveCfg = Release|Win32
		{5B40248C-A7DC-4BB4-9D37-348CA7CAB342}.Release|Pocket PC 2003 (ARMV4).ActiveCfg = Release|Win32
		{5B40248C-A7DC-4BB4-9D37-348CA7CAB342}.Release|Smartphone 2003 (ARMV4).ActiveCfg = Release|Win32
		{5B40248C-A7DC-4BB4-9D37-348CA7CAB342}.Release|Win32.ActiveCfg = Release|Win32
		{5B40248C-A7DC-4BB4-9D37-348CA7CAB342}.Release|Win32.Build.0 = Release|Win32
		{5B40248C-A7DC-4BB4-9D37-348CA7CAB342}.Release|x64.ActiveCfg = Release|Win32
		{5B40248C-A7DC-4BB4-9D37-348CA7CAB342}.ReleaseNoPlugins|Pocket PC 2003 (ARMV4).ActiveCfg = Release|Win32
		{5B40248C-A7DC-4BB4-9D37-348CA7CAB342}.ReleaseNoPlugins|Smartphone 2003 (ARMV4).ActiveCfg = Release|Win32
		{5B40248C-A7DC-4BB4-9D37-348CA7CAB342}.ReleaseNoPlugins|Win32.ActiveCfg = Release|Win32
		{5B40248C-A7DC-4BB4-9D37-348CA7CAB342}.ReleaseNoPlugins|Win32.Build.0 = Release|Win32
		{5B40248C-A7DC-4BB4-9D37-348CA7CAB342}.ReleaseNoPlugins|x64.ActiveCfg = Release|Win32
		{FA7C64A0-9867-4138-9F85-E41F57D6236E}.Debug Unicode|Pocket PC 2003 (ARMV4).ActiveCfg = Debug Unicode|Pocket PC 2003 (ARMV4)
		{FA7C64A0-9867-4138-9F85-E41F57D6236E}.Debug Unicode|Pocket PC 2003 (ARMV4).Build.0 = Debug Unicode|Pocket PC 2003 (ARMV4)
		{FA7C64A0-9867-4138-9F85-E41F57D6236E}.Debug Unicode|Pocket PC 2003 (ARMV4).Deploy.0 = Debug Unicode|Pocket PC 2003 (ARMV4)
		{FA7C64A0-9867-4138-9F85-E41F57D6236E}.Debug Unicode|Smartphone 2003 (ARMV4).ActiveCfg = Debug Unicode|Pocket PC 2003 (ARMV4)
		{FA7C64A0-9867-4138-9F85-E41F57D6236E}.Debug Unicode|Win32.ActiveCfg = Debug Unicode|Win32
		{FA7C64A0-9867-4138-9F85-E41F57D6236E}.Debug Unicode|Win32.Build.0 = Debug Unicode|Win32
		{FA7C64A0-9867-4138-9F85-E41F57D6236E}.Debug Unicode|x64.ActiveCfg = Debug Unicode|Pocket PC 2003 (ARMV4)
		{FA7C64A0-9867-4138-9F85-E41F57D6236E}.Debug|Pocket PC 2003 (ARMV4).ActiveCfg = Debug|Pocket PC 2003 (ARMV4)
		{FA7C64A0-9867-4138-9F85-E41F57D6236E}.Debug|Pocket PC 2003 (ARMV4).Build.0 = Debug|Pocket PC 2003 (ARMV4)
		{FA7C64A0-9867-4138-9F85-E41F57D6236E}.Debug|Pocket PC 2003 (ARMV4).Deploy.0 = Debug|Pocket PC 2003 (ARMV4)
		{FA7C64A0-9867-4138-9F85-E41F57D6236E}.Debug|Smartphone 2003 (ARMV4).ActiveCfg = Debug|Pocket PC 2003 (ARMV4)
		{FA7C64A0-9867-4138-9F85-E41F57D6236E}.Debug|Win32.ActiveCfg = Debug|Win32
		{FA7C64A0-9867-4138-9F85-E41F57D6236E}.Debug|Win32.Build.0 = Debug|Win32
		{FA7C64A0-9867-4138-9F85-E41F57D6236E}.Debug|x64.ActiveCfg = Debug|Pocket PC 2003 (ARMV4)
		{FA7C64A0-9867-4138-9F85-E41F57D6236E}.Release Unicode|Pocket PC 2003 (ARMV4).ActiveCfg = Release Unicode|Pocket PC 2003 (ARMV4)
		{FA7C64A0-9867-4138-9F85-E41F57D6236E}.Release Unicode|Pocket PC 2003 (ARMV4).Build.0 = Release Unicode|Pocket PC 2003 (ARMV4)
		{FA7C64A0-9867-4138-9F85-E41F57D6236E}.Release Unicode|Pocket PC 2003 (ARMV4).Deploy.0 = Release Unicode|Pocket PC 2003 (ARMV4)
		{FA7C64A0-9867-4138-9F85-E41F57D6236E}.Release Unicode|Smartphone 2003 (ARMV4).ActiveCfg = Release Unicode|Pocket PC 2003 (ARMV4)
		{FA7C64A0-9867-4138-9F85-E41F57D6236E}.Release Unicode|Win32.ActiveCfg = Release Unicode|Win32
		{FA7C64A0-9867-4138-9F85-E41F57D6236E}.Release Unicode|Win32.Build.0 = Release Unicode|Win32
		{FA7C64A0-9867-4138-9F85-E41F57D6236E}.Release Unicode|x64.ActiveCfg = Release Unicode|Pocket PC 2003 (ARMV4)
		{FA7C64A0-9867-4138-9F85-E41F57D6236E}.Release|Pocket PC 2003 (ARMV4).ActiveCfg = Release|Pocket PC 2003 (ARMV4)
		{FA7C64A0-9867-4138-9F85-E41F57D6236E}.Release|Pocket PC 2003 (ARMV4).Build.0 = Release|Pocket PC 2003 (ARMV4)
		{FA7C64A0-9867-4138-9F85-E41F57D6236E}.Release|Pocket PC 2003 (ARMV4).Deploy.0 = Release|Pocket PC 2003 (ARMV4)
		{FA7C64A0-9867-4138-9F85-E41F57D6236E}.Release|Smartphone 2003 (ARMV4).ActiveCfg = Release|Pocket PC 2003 (ARMV4)
		{FA7C64A0-9867-4138-9F85-E41F57D6236E}.Release|Win32.ActiveCfg = Release|Win32
		{FA7C64A0-9867-4138-9F85-E41F57D6236E}.Release|Win32.Build.0 = Release|Win32
		{FA7C64A0-9867-4138-9F85-E41F57D6236E}.Release|x64.ActiveCfg = Release|Pocket PC 2003 (ARMV4)
		{FA7C64A0-9867-4138-9F85-E41F57D6236E}.ReleaseNoPlugins|Pocket PC 2003 (ARMV4).ActiveCfg = ReleaseNoPlugins|Pocket PC 2003 (ARMV4)
		{FA7C64A0-9867-4138-9F85-E41F57D6236E}.ReleaseNoPlugins|Pocket PC 2003 (ARMV4).Build.0 = ReleaseNoPlugins|Pocket PC 2003 (ARMV4)
		{FA7C64A0-9867-4138-9F85-E41F57D6236E}.ReleaseNoPlugins|Pocket PC 2003 (ARMV4).Deploy.0 = ReleaseNoPlugins|Pocket PC 2003 (ARMV4)
		{FA7C64A0-9867-4138-9F85-E41F57D6236E}.ReleaseNoPlugins|Smartphone 2003 (ARMV4).ActiveCfg = ReleaseNoPlugins|Pocket PC 2003 (ARMV4)
		{FA7C64A0-9867-4138-9F85-E41F57D6236E}.ReleaseNoPlugins|Win32.ActiveCfg = ReleaseNoPlugins|Win32
		{FA7C64A0-9867-4138-9F85-E41F57D6236E}.ReleaseNoPlugins|Win32.Build.0 = ReleaseNoPlugins|Win32
		{FA7C64A0-9867-4138-9F85-E41F57D6236E}.ReleaseNoPlugins|x64.ActiveCfg = ReleaseNoPlugins|Pocket PC 2003 (ARMV4)
		{7FCE554E-5455-4EEC-8E53-FF0FEF5F8228}.Debug Unicode|Pocket PC 2003 (ARMV4).ActiveCfg = Debug Unicode|Pocket PC 2003 (ARMV4)
		{7FCE554E-5455-4EEC-8E53-FF0FEF5F8228}.Debug Unicode|Pocket PC 2003 (ARMV4).Build.0 = Debug Unicode|Pocket PC 2003 (ARMV4)
		{7FCE554E-5455-4EEC-8E53-FF0FEF5F8228}.Debug Unicode|Pocket PC 2003 (ARMV4).Deploy.0 = Debug Unicode|Pocket PC 2003 (ARMV4)
		{7FCE554E-5455-4EEC-8E53-FF0FEF5F8228}.Debug Unicode|Smartphone 2003 (ARMV4).ActiveCfg = Debug Unicode|Smartphone 2003 (ARMV4)
		{7FCE554E-5455-4EEC-8E53-FF0FEF5F8228}.Debug Unicode|Smartphone 2003 (ARMV4).Build.0 = Debug Unicode|Smartphone 2003 (ARMV4)
		{7FCE554E-5455-4EEC-8E53-FF0FEF5F8228}.Debug Unicode|Smartphone 2003 (ARMV4).Deploy.0 = Debug Unicode|Smartphone 2003 (ARMV4)
		{7FCE554E-5455-4EEC-8E53-FF0FEF5F8228}.Debug Unicode|Win32.ActiveCfg = Debug Unicode|Win32
		{7FCE554E-5455-4EEC-8E53-FF0FEF5F8228}.Debug Unicode|Win32.Build.0 = Debug Unicode|Win32
		{7FCE554E-5455-4EEC-8E53-FF0FEF5F8228}.Debug Unicode|x64.ActiveCfg = Debug Unicode|x64
		{7FCE554E-5455-4EEC-8E53-FF0FEF5F8228}.Debug Unicode|x64.Build.0 = Debug Unicode|x64
		{7FCE554E-5455-4EEC-8E53-FF0FEF5F8228}.Debug|Pocket PC 2003 (ARMV4).ActiveCfg = Debug|Pocket PC 2003 (ARMV4)
		{7FCE554E-5455-4EEC-8E53-FF0FEF5F8228}.Debug|Pocket PC 2003 (ARMV4).Build.0 = Debug|Pocket PC 2003 (ARMV4)
		{7FCE554E-5455-4EEC-8E53-FF0FEF5F8228}.Debug|Pocket PC 2003 (ARMV4).Deploy.0 = Debug|Pocket PC 2003 (ARMV4)
		{7FCE554E-5455-4EEC-8E53-FF0FEF5F8228}.Debug|Smartphone 2003 (ARMV4).ActiveCfg = Debug|Smartphone 2003 (ARMV4)
		{7FCE554E-5455-4EEC-8E53-FF0FEF5F8228}.Debug|Smartphone 2003 (ARMV4).Build.0 = Debug|Smartphone 2003 (ARMV4)
		{7FCE554E-5455-4EEC-8E53-FF0FEF5F8228}.Debug|Smartphone 2003 (ARMV4).Deploy.0 = Debug|Smartphone 2003 (ARMV4)
		{7FCE554E-5455-4EEC-8E53-FF0FEF5F8228}.Debug|Win32.ActiveCfg = Debug|Win32
		{7FCE554E-5455-4EEC-8E53-FF0FEF5F8228}.Debug|Win32.Build.0 = Debug|Win32
		{7FCE554E-5455-4EEC-8E53-FF0FEF5F8228}.Debug|x64.ActiveCfg = Debug|x64
		{7FCE554E-5455-4EEC-8E53-FF0FEF5F8228}.Debug|x64.Build.0 = Debug|x64
		{7FCE554E-5455-4EEC-8E53-FF0FEF5F8228}.Release Unicode|Pocket PC 2003 (ARMV4).ActiveCfg = Release Unicode|Pocket PC 2003 (ARMV4)
		{7FCE554E-5455-4EEC-8E53-FF0FEF5F8228}.Release Unicode|Pocket PC 2003 (ARMV4).Build.0 = Release Unicode|Pocket PC 2003 (ARMV4)
		{7FCE554E-5455-4EEC-8E53-FF0FEF5F8228}.Release Unicode|Pocket PC 2003 (ARMV4).Deploy.0 = Release Unicode|Pocket PC 2003 (ARMV4)
		{7FCE554E-5455-4EEC-8E53-FF0FEF5F8228}.Release Unicode|Smartphone 2003 (ARMV4).ActiveCfg = Release Unicode|Smartphone 2003 (ARMV4)
		{7FCE554E-5455-4EEC-8E53-FF0FEF5F8228}.Release Unicode|Smartphone 2003 (ARMV4).Build.0 = Release Unicode|Smartphone 2003 (ARMV4)
		{7FCE554E-5455-4EEC-8E53-FF0FEF5F8228}.Release Unicode|Smartphone 2003 (ARMV4).Deploy.0 = Release Unicode|Smartphone 2003 (ARMV4)
		{7FCE554E-5455-4EEC-8E53-FF0FEF5F8228}.Release Unicode|Win32.ActiveCfg = Release Unicode|Win32
		{7FCE554E-5455-4EEC-8E53-FF0FEF5F8228}.Release Unicode|Win32.Build.0 = Release Unicode|Win32
		{7FCE554E-5455-4EEC-8E53-FF0FEF5F8228}.Release Unicode|x64.ActiveCfg = Release Unicode|x64
		{7FCE554E-5455-4EEC-8E53-FF0FEF5F8228}.Release Unicode|x64.Build.0 = Release Unicode|x64
		{7FCE554E-5455-4EEC-8E53-FF0FEF5F8228}.Release|Pocket PC 2003 (ARMV4).ActiveCfg = Release|Pocket PC 2003 (ARMV4)
		{7FCE554E-5455-4EEC-8E53-FF0FEF5F8228}.Release|Pocket PC 2003 (ARMV4).Build.0 = Release|Pocket PC 2003 (ARMV4)
		{7FCE554E-5455-4EEC-8E53-FF0FEF5F8228}.Release|Pocket PC 2003 (ARMV4).Deploy.0 = Release|Pocket PC 2003 (ARMV4)
		{7FCE554E-5455-4EEC-8E53-FF0FEF5F8228}.Release|Smartphone 2003 (ARMV4).ActiveCfg = Release|Smartphone 2003 (ARMV4)
		{7FCE554E-5455-4EEC-8E53-FF0FEF5F8228}.Release|Smartphone 2003 (ARMV4).Build.0 = Release|Smartphone 2003 (ARMV4)
		{7FCE554E-5455-4EEC-8E53-FF0FEF5F8228}.Release|Smartphone 2003 (ARMV4).Deploy.0 = Release|Smartphone 2003 (ARMV4)
		{7FCE554E-5455-4EEC-8E53-FF0FEF5F8228}.Release|Win32.ActiveCfg = Release|Win32
		{7FCE554E-5455-4EEC-8E53-FF0FEF5F8228}.Release|Win32.Build.0 = Release|Win32
		{7FCE554E-5455-4EEC-8E53-FF0FEF5F8228}.Release|x64.ActiveCfg = Release|x64
		{7FCE554E-5455-4EEC-8E53-FF0FEF5F8228}.Release|x64.Build.0 = Release|x64
		{7FCE554E-5455-4EEC-8E53-FF0FEF5F8228}.ReleaseNoPlugins|Pocket PC 2003 (ARMV4).ActiveCfg = Release Unicode|x64
		{7FCE554E-5455-4EEC-8E53-FF0FEF5F8228}.ReleaseNoPlugins|Smartphone 2003 (ARMV4).ActiveCfg = Release Unicode|x64
		{7FCE554E-5455-4EEC-8E53-FF0FEF5F8228}.ReleaseNoPlugins|Win32.ActiveCfg = Release Unicode|x64
		{7FCE554E-5455-4EEC-8E53-FF0FEF5F8228}.ReleaseNoPlugins|x64.ActiveCfg = Release Unicode|x64
		{7FCE554E-5455-4EEC-8E53-FF0FEF5F8228}.ReleaseNoPlugins|x64.Build.0 = Release Unicode|x64
		{832323BE-F1FE-498C-B343-71D748D65228}.Debug Unicode|Pocket PC 2003 (ARMV4).ActiveCfg = Debug|Win32
		{832323BE-F1FE-498C-B343-71D748D65228}.Debug Unicode|Smartphone 2003 (ARMV4).ActiveCfg = Debug|Win32
		{832323BE-F1FE-498C-B343-71D748D65228}.Debug Unicode|Win32.ActiveCfg = Debug|Win32
		{832323BE-F1FE-498C-B343-71D748D65228}.Debug Unicode|Win32.Build.0 = Debug|Win32
		{832323BE-F1FE-498C-B343-71D748D65228}.Debug Unicode|x64.ActiveCfg = Debug|Win32
		{832323BE-F1FE-498C-B343-71D748D65228}.Debug|Pocket PC 2003 (ARMV4).ActiveCfg = Debug|Pocket PC 2003 (ARMV4)
		{832323BE-F1FE-498C-B343-71D748D65228}.Debug|Pocket PC 2003 (ARMV4).Build.0 = Debug|Pocket PC 2003 (ARMV4)
		{832323BE-F1FE-498C-B343-71D748D65228}.Debug|Pocket PC 2003 (ARMV4).Deploy.0 = Debug|Pocket PC 2003 (ARMV4)
		{832323BE-F1FE-498C-B343-71D748D65228}.Debug|Smartphone 2003 (ARMV4).ActiveCfg = Debug|Smartphone 2003 (ARMV4)
		{832323BE-F1FE-498C-B343-71D748D65228}.Debug|Smartphone 2003 (ARMV4).Build.0 = Debug|Smartphone 2003 (ARMV4)
		{832323BE-F1FE-498C-B343-71D748D65228}.Debug|Smartphone 2003 (ARMV4).Deploy.0 = Debug|Smartphone 2003 (ARMV4)
		{832323BE-F1FE-498C-B343-71D748D65228}.Debug|Win32.ActiveCfg = Debug|Win32
		{832323BE-F1FE-498C-B343-71D748D65228}.Debug|Win32.Build.0 = Debug|Win32
		{832323BE-F1FE-498C-B343-71D748D65228}.Debug|x64.ActiveCfg = Debug|Win32
		{832323BE-F1FE-498C-B343-71D748D65228}.Release Unicode|Pocket PC 2003 (ARMV4).ActiveCfg = Release|Win32
		{832323BE-F1FE-498C-B343-71D748D65228}.Release Unicode|Smartphone 2003 (ARMV4).ActiveCfg = Release|Win32
		{832323BE-F1FE-498C-B343-71D748D65228}.Release Unicode|Win32.ActiveCfg = Release|Win32
		{832323BE-F1FE-498C-B343-71D748D65228}.Release Unicode|Win32.Build.0 = Release|Win32
		{832323BE-F1FE-498C-B343-71D748D65228}.Release Unicode|x64.ActiveCfg = Release|Win32
		{832323BE-F1FE-498C-B343-71D748D65228}.Release|Pocket PC 2003 (ARMV4).ActiveCfg = Release|Pocket PC 2003 (ARMV4)
		{832323BE-F1FE-498C-B343-71D748D65228}.Release|Pocket PC 2003 (ARMV4).Build.0 = Release|Pocket PC 2003 (ARMV4)
		{832323BE-F1FE-498C-B343-71D748D65228}.Release|Pocket PC 2003 (ARMV4).Deploy.0 = Release|Pocket PC 2003 (ARMV4)
		{832323BE-F1FE-498C-B343-71D748D65228}.Release|Smartphone 2003 (ARMV4).ActiveCfg = Release|Smartphone 2003 (ARMV4)
		{832323BE-F1FE-498C-B343-71D748D65228}.Release|Smartphone 2003 (ARMV4).Build.0 = Release|Smartphone 2003 (ARMV4)
		{832323BE-F1FE-498C-B343-71D748D65228}.Release|Smartphone 2003 (ARMV4).Deploy.0 = Release|Smartphone 2003 (ARMV4)
		{832323BE-F1FE-498C-B343-71D748D65228}.Release|Win32.ActiveCfg = Release|Win32
		{832323BE-F1FE-498C-B343-71D748D65228}.Release|Win32.Build.0 = Release|Win32
		{832323BE-F1FE-498C-B343-71D748D65228}.Release|x64.ActiveCfg = Release|Win32
		{832323BE-F1FE-498C-B343-71D748D65228}.ReleaseNoPlugins|Pocket PC 2003 (ARMV4).ActiveCfg = Release|Win32
		{832323BE-F1FE-498C-B343-71D748D65228}.ReleaseNoPlugins|Smartphone 2003 (ARMV4).ActiveCfg = Release|Win32
		{832323BE-F1FE-498C-B343-71D748D65228}.ReleaseNoPlugins|Win32.ActiveCfg = Release|Win32
		{832323BE-F1FE-498C-B343-71D748D65228}.ReleaseNoPlugins|Win32.Build.0 = Release|Win32
		{832323BE-F1FE-498C-B343-71D748D65228}.ReleaseNoPlugins|x64.ActiveCfg = Release|Win32
		{4B9CFF8B-3450-45C6-94C3-A38FBF75AA8A}.Debug Unicode|Pocket PC 2003 (ARMV4).ActiveCfg = Debug|Win32
		{4B9CFF8B-3450-45C6-94C3-A38FBF75AA8A}.Debug Unicode|Smartphone 2003 (ARMV4).ActiveCfg = Debug|Win32
		{4B9CFF8B-3450-45C6-94C3-A38FBF75AA8A}.Debug Unicode|Win32.ActiveCfg = Debug|Win32
		{4B9CFF8B-3450-45C6-94C3-A38FBF75AA8A}.Debug Unicode|Win32.Build.0 = Debug|Win32
		{4B9CFF8B-3450-45C6-94C3-A38FBF75AA8A}.Debug Unicode|x64.ActiveCfg = Debug|Win32
		{4B9CFF8B-3450-45C6-94C3-A38FBF75AA8A}.Debug|Pocket PC 2003 (ARMV4).ActiveCfg = Debug|Win32
		{4B9CFF8B-3450-45C6-94C3-A38FBF75AA8A}.Debug|Smartphone 2003 (ARMV4).ActiveCfg = Debug|Win32
		{4B9CFF8B-3450-45C6-94C3-A38FBF75AA8A}.Debug|Win32.ActiveCfg = Debug|Win32
		{4B9CFF8B-3450-45C6-94C3-A38FBF75AA8A}.Debug|Win32.Build.0 = Debug|Win32
		{4B9CFF8B-3450-45C6-94C3-A38FBF75AA8A}.Debug|x64.ActiveCfg = Debug|Win32
		{4B9CFF8B-3450-45C6-94C3-A38FBF75AA8A}.Release Unicode|Pocket PC 2003 (ARMV4).ActiveCfg = Release|Win32
		{4B9CFF8B-3450-45C6-94C3-A38FBF75AA8A}.Release Unicode|Smartphone 2003 (ARMV4).ActiveCfg = Release|Win32
		{4B9CFF8B-3450-45C6-94C3-A38FBF75AA8A}.Release Unicode|Win32.ActiveCfg = Release|Win32
		{4B9CFF8B-3450-45C6-94C3-A38FBF75AA8A}.Release Unicode|Win32.Build.0 = Release|Win32
		{4B9CFF8B-3450-45C6-94C3-A38FBF75AA8A}.Release Unicode|x64.ActiveCfg = Release|Win32
		{4B9CFF8B-3450-45C6-94C3-A38FBF75AA8A}.Release|Pocket PC 2003 (ARMV4).ActiveCfg = Release|Win32
		{4B9CFF8B-3450-45C6-94C3-A38FBF75AA8A}.Release|Smartphone 2003 (ARMV4).ActiveCfg = Release|Win32
		{4B9CFF8B-3450-45C6-94C3-A38FBF75AA8A}.Release|Win32.ActiveCfg = Release|Win32
		{4B9CFF8B-3450-45C6-94C3-A38FBF75AA8A}.Release|Win32.Build.0 = Release|Win32
		{4B9CFF8B-3450-45C6-94C3-A38FBF75AA8A}.Release|x64.ActiveCfg = Release|Win32
		{4B9CFF8B-3450-45C6-94C3-A38FBF75AA8A}.ReleaseNoPlugins|Pocket PC 2003 (ARMV4).ActiveCfg = Release|Win32
		{4B9CFF8B-3450-45C6-94C3-A38FBF75AA8A}.ReleaseNoPlugins|Smartphone 2003 (ARMV4).ActiveCfg = Release|Win32
		{4B9CFF8B-3450-45C6-94C3-A38FBF75AA8A}.ReleaseNoPlugins|Win32.ActiveCfg = Release|Win32
		{4B9CFF8B-3450-45C6-94C3-A38FBF75AA8A}.ReleaseNoPlugins|Win32.Build.0 = Release|Win32
		{4B9CFF8B-3450-45C6-94C3-A38FBF75AA8A}.ReleaseNoPlugins|x64.ActiveCfg = Release|Win32
		{0218513E-4F43-4DD5-AE65-7D5634801CDA}.Debug Unicode|Pocket PC 2003 (ARMV4).ActiveCfg = Debug|Win32
		{0218513E-4F43-4DD5-AE65-7D5634801CDA}.Debug Unicode|Smartphone 2003 (ARMV4).ActiveCfg = Debug|Win32
		{0218513E-4F43-4DD5-AE65-7D5634801CDA}.Debug Unicode|Win32.ActiveCfg = Debug|Win32
		{0218513E-4F43-4DD5-AE65-7D5634801CDA}.Debug Unicode|Win32.Build.0 = Debug|Win32
		{0218513E-4F43-4DD5-AE65-7D5634801CDA}.Debug Unicode|x64.ActiveCfg = Debug|Win32
		{0218513E-4F43-4DD5-AE65-7D5634801CDA}.Debug|Pocket PC 2003 (ARMV4).ActiveCfg = Debug|Win32
		{0218513E-4F43-4DD5-AE65-7D5634801CDA}.Debug|Smartphone 2003 (ARMV4).ActiveCfg = Debug|Win32
		{0218513E-4F43-4DD5-AE65-7D5634801CDA}.Debug|Win32.ActiveCfg = Debug|Win32
		{0218513E-4F43-4DD5-AE65-7D5634801CDA}.Debug|Win32.Build.0 = Debug|Win32
		{0218513E-4F43-4DD5-AE65-7D5634801CDA}.Debug|x64.ActiveCfg = Debug|Win32
		{0218513E-4F43-4DD5-AE65-7D5634801CDA}.Release Unicode|Pocket PC 2003 (ARMV4).ActiveCfg = Release|Win32
		{0218513E-4F43-4DD5-AE65-7D5634801CDA}.Release Unicode|Smartphone 2003 (ARMV4).ActiveCfg = Release|Win32
		{0218513E-4F43-4DD5-AE65-7D5634801CDA}.Release Unicode|Win32.ActiveCfg = Release|Win32
		{0218513E-4F43-4DD5-AE65-7D5634801CDA}.Release Unicode|Win32.Build.0 = Release|Win32
		{0218513E-4F43-4DD5-AE65-7D5634801CDA}.Release Unicode|x64.ActiveCfg = Release|Win32
		{0218513E-4F43-4DD5-AE65-7D5634801CDA}.Release|Pocket PC 2003 (ARMV4).ActiveCfg = Release|Win32
		{0218513E-4F43-4DD5-AE65-7D5634801CDA}.Release|Smartphone 2003 (ARMV4).ActiveCfg = Release|Win32
		{0218513E-4F43-4DD5-AE65-7D5634801CDA}.Release|Win32.ActiveCfg = Release|Win32
		{0218513E-4F43-4DD5-AE65-7D5634801CDA}.Release|Win32.Build.0 = Release|Win32
		{0218513E-4F43-4DD5-AE65-7D5634801CDA}.Release|x64.ActiveCfg = Release|Win32
		{0218513E-4F43-4DD5-AE65-7D5634801CDA}.ReleaseNoPlugins|Pocket PC 2003 (ARMV4).ActiveCfg = Release|Win32
		{0218513E-4F43-4DD5-AE65-7D5634801CDA}.ReleaseNoPlugins|Smartphone 2003 (ARMV4).ActiveCfg = Release|Win32
		{0218513E-4F43-4DD5-AE65-7D5634801CDA}.ReleaseNoPlugins|Win32.ActiveCfg = Release|Win32
		{0218513E-4F43-4DD5-AE65-7D5634801CDA}.ReleaseNoPlugins|Win32.Build.0 = Release|Win32
		{0218513E-4F43-4DD5-AE65-7D5634801CDA}.ReleaseNoPlugins|x64.ActiveCfg = Release|Win32
		{18BBC5CA-6F4E-46FF-89BB-88D7309019F9}.Debug Unicode|Pocket PC 2003 (ARMV4).ActiveCfg = Debug|Win32
		{18BBC5CA-6F4E-46FF-89BB-88D7309019F9}.Debug Unicode|Smartphone 2003 (ARMV4).ActiveCfg = Debug|Win32
		{18BBC5CA-6F4E-46FF-89BB-88D7309019F9}.Debug Unicode|Win32.ActiveCfg = Debug|Win32
		{18BBC5CA-6F4E-46FF-89BB-88D7309019F9}.Debug Unicode|Win32.Build.0 = Debug|Win32
		{18BBC5CA-6F4E-46FF-89BB-88D7309019F9}.Debug Unicode|x64.ActiveCfg = Debug|Win32
		{18BBC5CA-6F4E-46FF-89BB-88D7309019F9}.Debug|Pocket PC 2003 (ARMV4).ActiveCfg = Debug|Win32
		{18BBC5CA-6F4E-46FF-89BB-88D7309019F9}.Debug|Smartphone 2003 (ARMV4).ActiveCfg = Debug|Win32
		{18BBC5CA-6F4E-46FF-89BB-88D7309019F9}.Debug|Win32.ActiveCfg = Debug|Win32
		{18BBC5CA-6F4E-46FF-89BB-88D7309019F9}.Debug|Win32.Build.0 = Debug|Win32
		{18BBC5CA-6F4E-46FF-89BB-88D7309019F9}.Debug|x64.ActiveCfg = Debug|Win32
		{18BBC5CA-6F4E-46FF-89BB-88D7309019F9}.Release Unicode|Pocket PC 2003 (ARMV4).ActiveCfg = Release|Win32
		{18BBC5CA-6F4E-46FF-89BB-88D7309019F9}.Release Unicode|Smartphone 2003 (ARMV4).ActiveCfg = Release|Win32
		{18BBC5CA-6F4E-46FF-89BB-88D7309019F9}.Release Unicode|Win32.ActiveCfg = Release|Win32
		{18BBC5CA-6F4E-46FF-89BB-88D7309019F9}.Release Unicode|Win32.Build.0 = Release|Win32
		{18BBC5CA-6F4E-46FF-89BB-88D7309019F9}.Release Unicode|x64.ActiveCfg = Release|Win32
		{18BBC5CA-6F4E-46FF-89BB-88D7309019F9}.Release|Pocket PC 2003 (ARMV4).ActiveCfg = Release|Win32
		{18BBC5CA-6F4E-46FF-89BB-88D7309019F9}.Release|Smartphone 2003 (ARMV4).ActiveCfg = Release|Win32
		{18BBC5CA-6F4E-46FF-89BB-88D7309019F9}.Release|Win32.ActiveCfg = Release|Win32
		{18BBC5CA-6F4E-46FF-89BB-88D7309019F9}.Release|Win32.Build.0 = Release|Win32
		{18BBC5CA-6F4E-46FF-89BB-88D7309019F9}.Release|x64.ActiveCfg = Release|Win32
		{18BBC5CA-6F4E-46FF-89BB-88D7309019F9}.ReleaseNoPlugins|Pocket PC 2003 (ARMV4).ActiveCfg = Release|Win32
		{18BBC5CA-6F4E-46FF-89BB-88D7309019F9}.ReleaseNoPlugins|Smartphone 2003 (ARMV4).ActiveCfg = Release|Win32
		{18BBC5CA-6F4E-46FF-89BB-88D7309019F9}.ReleaseNoPlugins|Win32.ActiveCfg = Release|Win32
		{18BBC5CA-6F4E-46FF-89BB-88D7309019F9}.ReleaseNoPlugins|Win32.Build.0 = Release|Win32
		{18BBC5CA-6F4E-46FF-89BB-88D7309019F9}.ReleaseNoPlugins|x64.ActiveCfg = Release|Win32
		{7FD4C9E7-FF17-44A0-AE9D-1064BF2178BC}.Debug Unicode|Pocket PC 2003 (ARMV4).ActiveCfg = Debug|Win32
		{7FD4C9E7-FF17-44A0-AE9D-1064BF2178BC}.Debug Unicode|Smartphone 2003 (ARMV4).ActiveCfg = Debug|Win32
		{7FD4C9E7-FF17-44A0-AE9D-1064BF2178BC}.Debug Unicode|Win32.ActiveCfg = Debug|Win32
		{7FD4C9E7-FF17-44A0-AE9D-1064BF2178BC}.Debug Unicode|Win32.Build.0 = Debug|Win32
		{7FD4C9E7-FF17-44A0-AE9D-1064BF2178BC}.Debug Unicode|x64.ActiveCfg = Debug|Win32
		{7FD4C9E7-FF17-44A0-AE9D-1064BF2178BC}.Debug|Pocket PC 2003 (ARMV4).ActiveCfg = Debug|Win32
		{7FD4C9E7-FF17-44A0-AE9D-1064BF2178BC}.Debug|Smartphone 2003 (ARMV4).ActiveCfg = Debug|Win32
		{7FD4C9E7-FF17-44A0-AE9D-1064BF2178BC}.Debug|Win32.ActiveCfg = Debug|Win32
		{7FD4C9E7-FF17-44A0-AE9D-1064BF2178BC}.Debug|Win32.Build.0 = Debug|Win32
		{7FD4C9E7-FF17-44A0-AE9D-1064BF2178BC}.Debug|x64.ActiveCfg = Debug|Win32
		{7FD4C9E7-FF17-44A0-AE9D-1064BF2178BC}.Release Unicode|Pocket PC 2003 (ARMV4).ActiveCfg = Release|Win32
		{7FD4C9E7-FF17-44A0-AE9D-1064BF2178BC}.Release Unicode|Smartphone 2003 (ARMV4).ActiveCfg = Release|Win32
		{7FD4C9E7-FF17-44A0-AE9D-1064BF2178BC}.Release Unicode|Win32.ActiveCfg = Release|Win32
		{7FD4C9E7-FF17-44A0-AE9D-1064BF2178BC}.Release Unicode|Win32.Build.0 = Release|Win32
		{7FD4C9E7-FF17-44A0-AE9D-1064BF2178BC}.Release Unicode|x64.ActiveCfg = Release|Win32
		{7FD4C9E7-FF17-44A0-AE9D-1064BF2178BC}.Release|Pocket PC 2003 (ARMV4).ActiveCfg = Release|Win32
		{7FD4C9E7-FF17-44A0-AE9D-1064BF2178BC}.Release|Smartphone 2003 (ARMV4).ActiveCfg = Release|Win32
		{7FD4C9E7-FF17-44A0-AE9D-1064BF2178BC}.Release|Win32.ActiveCfg = Release|Win32
		{7FD4C9E7-FF17-44A0-AE9D-1064BF2178BC}.Release|Win32.Build.0 = Release|Win32
		{7FD4C9E7-FF17-44A0-AE9D-1064BF2178BC}.Release|x64.ActiveCfg = Release|Win32
		{7FD4C9E7-FF17-44A0-AE9D-1064BF2178BC}.ReleaseNoPlugins|Pocket PC 2003 (ARMV4).ActiveCfg = Release|Win32
		{7FD4C9E7-FF17-44A0-AE9D-1064BF2178BC}.ReleaseNoPlugins|Smartphone 2003 (ARMV4).ActiveCfg = Release|Win32
		{7FD4C9E7-FF17-44A0-AE9D-1064BF2178BC}.ReleaseNoPlugins|Win32.ActiveCfg = Release|Win32
		{7FD4C9E7-FF17-44A0-AE9D-1064BF2178BC}.ReleaseNoPlugins|Win32.Build.0 = Release|Win32
		{7FD4C9E7-FF17-44A0-AE9D-1064BF2178BC}.ReleaseNoPlugins|x64.ActiveCfg = Release|Win32
		{52DD0D1F-947E-47DE-B41B-86A34AF0B182}.Debug Unicode|Pocket PC 2003 (ARMV4).ActiveCfg = Debug Unicode|Pocket PC 2003 (ARMV4)
		{52DD0D1F-947E-47DE-B41B-86A34AF0B182}.Debug Unicode|Pocket PC 2003 (ARMV4).Build.0 = Debug Unicode|Pocket PC 2003 (ARMV4)
		{52DD0D1F-947E-47DE-B41B-86A34AF0B182}.Debug Unicode|Pocket PC 2003 (ARMV4).Deploy.0 = Debug Unicode|Pocket PC 2003 (ARMV4)
		{52DD0D1F-947E-47DE-B41B-86A34AF0B182}.Debug Unicode|Smartphone 2003 (ARMV4).ActiveCfg = Debug Unicode|Smartphone 2003 (ARMV4)
		{52DD0D1F-947E-47DE-B41B-86A34AF0B182}.Debug Unicode|Smartphone 2003 (ARMV4).Build.0 = Debug Unicode|Smartphone 2003 (ARMV4)
		{52DD0D1F-947E-47DE-B41B-86A34AF0B182}.Debug Unicode|Smartphone 2003 (ARMV4).Deploy.0 = Debug Unicode|Smartphone 2003 (ARMV4)
		{52DD0D1F-947E-47DE-B41B-86A34AF0B182}.Debug Unicode|Win32.ActiveCfg = Debug Unicode|Win32
		{52DD0D1F-947E-47DE-B41B-86A34AF0B182}.Debug Unicode|Win32.Build.0 = Debug Unicode|Win32
		{52DD0D1F-947E-47DE-B41B-86A34AF0B182}.Debug Unicode|x64.ActiveCfg = Debug Unicode|x64
		{52DD0D1F-947E-47DE-B41B-86A34AF0B182}.Debug Unicode|x64.Build.0 = Debug Unicode|x64
		{52DD0D1F-947E-47DE-B41B-86A34AF0B182}.Debug|Pocket PC 2003 (ARMV4).ActiveCfg = Debug|Pocket PC 2003 (ARMV4)
		{52DD0D1F-947E-47DE-B41B-86A34AF0B182}.Debug|Pocket PC 2003 (ARMV4).Build.0 = Debug|Pocket PC 2003 (ARMV4)
		{52DD0D1F-947E-47DE-B41B-86A34AF0B182}.Debug|Pocket PC 2003 (ARMV4).Deploy.0 = Debug|Pocket PC 2003 (ARMV4)
		{52DD0D1F-947E-47DE-B41B-86A34AF0B182}.Debug|Smartphone 2003 (ARMV4).ActiveCfg = Debug|Smartphone 2003 (ARMV4)
		{52DD0D1F-947E-47DE-B41B-86A34AF0B182}.Debug|Smartphone 2003 (ARMV4).Build.0 = Debug|Smartphone 2003 (ARMV4)
		{52DD0D1F-947E-47DE-B41B-86A34AF0B182}.Debug|Smartphone 2003 (ARMV4).Deploy.0 = Debug|Smartphone 2003 (ARMV4)
		{52DD0D1F-947E-47DE-B41B-86A34AF0B182}.Debug|Win32.ActiveCfg = Debug|Win32
		{52DD0D1F-947E-47DE-B41B-86A34AF0B182}.Debug|Win32.Build.0 = Debug|Win32
		{52DD0D1F-947E-47DE-B41B-86A34AF0B182}.Debug|x64.ActiveCfg = Debug|x64
		{52DD0D1F-947E-47DE-B41B-86A34AF0B182}.Debug|x64.Build.0 = Debug|x64
		{52DD0D1F-947E-47DE-B41B-86A34AF0B182}.Release Unicode|Pocket PC 2003 (ARMV4).ActiveCfg = Release Unicode|Pocket PC 2003 (ARMV4)
		{52DD0D1F-947E-47DE-B41B-86A34AF0B182}.Release Unicode|Pocket PC 2003 (ARMV4).Build.0 = Release Unicode|Pocket PC 2003 (ARMV4)
		{52DD0D1F-947E-47DE-B41B-86A34AF0B182}.Release Unicode|Pocket PC 2003 (ARMV4).Deploy.0 = Release Unicode|Pocket PC 2003 (ARMV4)
		{52DD0D1F-947E-47DE-B41B-86A34AF0B182}.Release Unicode|Smartphone 2003 (ARMV4).ActiveCfg = Release Unicode|Smartphone 2003 (ARMV4)
		{52DD0D1F-947E-47DE-B41B-86A34AF0B182}.Release Unicode|Smartphone 2003 (ARMV4).Build.0 = Release Unicode|Smartphone 2003 (ARMV4)
		{52DD0D1F-947E-47DE-B41B-86A34AF0B182}.Release Unicode|Smartphone 2003 (ARMV4).Deploy.0 = Release Unicode|Smartphone 2003 (ARMV4)
		{52DD0D1F-947E-47DE-B41B-86A34AF0B182}.Release Unicode|Win32.ActiveCfg = Release Unicode|Win32
		{52DD0D1F-947E-47DE-B41B-86A34AF0B182}.Release Unicode|Win32.Build.0 = Release Unicode|Win32
		{52DD0D1F-947E-47DE-B41B-86A34AF0B182}.Release Unicode|x64.ActiveCfg = Release Unicode|x64
		{52DD0D1F-947E-47DE-B41B-86A34AF0B182}.Release Unicode|x64.Build.0 = Release Unicode|x64
		{52DD0D1F-947E-47DE-B41B-86A34AF0B182}.Release|Pocket PC 2003 (ARMV4).ActiveCfg = Release|Pocket PC 2003 (ARMV4)
		{52DD0D1F-947E-47DE-B41B-86A34AF0B182}.Release|Pocket PC 2003 (ARMV4).Build.0 = Release|Pocket PC 2003 (ARMV4)
		{52DD0D1F-947E-47DE-B41B-86A34AF0B182}.Release|Pocket PC 2003 (ARMV4).Deploy.0 = Release|Pocket PC 2003 (ARMV4)
		{52DD0D1F-947E-47DE-B41B-86A34AF0B182}.Release|Smartphone 2003 (ARMV4).ActiveCfg = Release|Smartphone 2003 (ARMV4)
		{52DD0D1F-947E-47DE-B41B-86A34AF0B182}.Release|Smartphone 2003 (ARMV4).Build.0 = Release|Smartphone 2003 (ARMV4)
		{52DD0D1F-947E-47DE-B41B-86A34AF0B182}.Release|Smartphone 2003 (ARMV4).Deploy.0 = Release|Smartphone 2003 (ARMV4)
		{52DD0D1F-947E-47DE-B41B-86A34AF0B182}.Release|Win32.ActiveCfg = Release|Win32
		{52DD0D1F-947E-47DE-B41B-86A34AF0B182}.Release|Win32.Build.0 = Release|Win32
		{52DD0D1F-947E-47DE-B41B-86A34AF0B182}.Release|x64.ActiveCfg = Release|x64
		{52DD0D1F-947E-47DE-B41B-86A34AF0B182}.Release|x64.Build.0 = Release|x64
		{52DD0D1F-947E-47DE-B41B-86A34AF0B182}.ReleaseNoPlugins|Pocket PC 2003 (ARMV4).ActiveCfg = Release Unicode|x64
		{52DD0D1F-947E-47DE-B41B-86A34AF0B182}.ReleaseNoPlugins|Smartphone 2003 (ARMV4).ActiveCfg = Release Unicode|x64
		{52DD0D1F-947E-47DE-B41B-86A34AF0B182}.ReleaseNoPlugins|Win32.ActiveCfg = Release Unicode|x64
		{52DD0D1F-947E-47DE-B41B-86A34AF0B182}.ReleaseNoPlugins|x64.ActiveCfg = Release Unicode|x64
		{52DD0D1F-947E-47DE-B41B-86A34AF0B182}.ReleaseNoPlugins|x64.Build.0 = Release Unicode|x64
		{0F6204A7-46DC-4FA5-ABF9-D75EE7BDF144}.Debug Unicode|Pocket PC 2003 (ARMV4).ActiveCfg = Debug Unicode|Pocket PC 2003 (ARMV4)
		{0F6204A7-46DC-4FA5-ABF9-D75EE7BDF144}.Debug Unicode|Pocket PC 2003 (ARMV4).Build.0 = Debug Unicode|Pocket PC 2003 (ARMV4)
		{0F6204A7-46DC-4FA5-ABF9-D75EE7BDF144}.Debug Unicode|Pocket PC 2003 (ARMV4).Deploy.0 = Debug Unicode|Pocket PC 2003 (ARMV4)
		{0F6204A7-46DC-4FA5-ABF9-D75EE7BDF144}.Debug Unicode|Smartphone 2003 (ARMV4).ActiveCfg = Debug Unicode|Smartphone 2003 (ARMV4)
		{0F6204A7-46DC-4FA5-ABF9-D75EE7BDF144}.Debug Unicode|Smartphone 2003 (ARMV4).Build.0 = Debug Unicode|Smartphone 2003 (ARMV4)
		{0F6204A7-46DC-4FA5-ABF9-D75EE7BDF144}.Debug Unicode|Smartphone 2003 (ARMV4).Deploy.0 = Debug Unicode|Smartphone 2003 (ARMV4)
		{0F6204A7-46DC-4FA5-ABF9-D75EE7BDF144}.Debug Unicode|Win32.ActiveCfg = Debug Unicode|Win32
		{0F6204A7-46DC-4FA5-ABF9-D75EE7BDF144}.Debug Unicode|Win32.Build.0 = Debug Unicode|Win32
		{0F6204A7-46DC-4FA5-ABF9-D75EE7BDF144}.Debug Unicode|x64.ActiveCfg = Debug Unicode|x64
		{0F6204A7-46DC-4FA5-ABF9-D75EE7BDF144}.Debug Unicode|x64.Build.0 = Debug Unicode|x64
		{0F6204A7-46DC-4FA5-ABF9-D75EE7BDF144}.Debug|Pocket PC 2003 (ARMV4).ActiveCfg = Debug|Pocket PC 2003 (ARMV4)
		{0F6204A7-46DC-4FA5-ABF9-D75EE7BDF144}.Debug|Pocket PC 2003 (ARMV4).Build.0 = Debug|Pocket PC 2003 (ARMV4)
		{0F6204A7-46DC-4FA5-ABF9-D75EE7BDF144}.Debug|Pocket PC 2003 (ARMV4).Deploy.0 = Debug|Pocket PC 2003 (ARMV4)
		{0F6204A7-46DC-4FA5-ABF9-D75EE7BDF144}.Debug|Smartphone 2003 (ARMV4).ActiveCfg = Debug|Smartphone 2003 (ARMV4)
		{0F6204A7-46DC-4FA5-ABF9-D75EE7BDF144}.Debug|Smartphone 2003 (ARMV4).Build.0 = Debug|Smartphone 2003 (ARMV4)
		{0F6204A7-46DC-4FA5-ABF9-D75EE7BDF144}.Debug|Smartphone 2003 (ARMV4).Deploy.0 = Debug|Smartphone 2003 (ARMV4)
		{0F6204A7-46DC-4FA5-ABF9-D75EE7BDF144}.Debug|Win32.ActiveCfg = Debug|Win32
		{0F6204A7-46DC-4FA5-ABF9-D75EE7BDF144}.Debug|Win32.Build.0 = Debug|Win32
		{0F6204A7-46DC-4FA5-ABF9-D75EE7BDF144}.Debug|x64.ActiveCfg = Debug|x64
		{0F6204A7-46DC-4FA5-ABF9-D75EE7BDF144}.Debug|x64.Build.0 = Debug|x64
		{0F6204A7-46DC-4FA5-ABF9-D75EE7BDF144}.Release Unicode|Pocket PC 2003 (ARMV4).ActiveCfg = Release Unicode|Pocket PC 2003 (ARMV4)
		{0F6204A7-46DC-4FA5-ABF9-D75EE7BDF144}.Release Unicode|Pocket PC 2003 (ARMV4).Build.0 = Release Unicode|Pocket PC 2003 (ARMV4)
		{0F6204A7-46DC-4FA5-ABF9-D75EE7BDF144}.Release Unicode|Pocket PC 2003 (ARMV4).Deploy.0 = Release Unicode|Pocket PC 2003 (ARMV4)
		{0F6204A7-46DC-4FA5-ABF9-D75EE7BDF144}.Release Unicode|Smartphone 2003 (ARMV4).ActiveCfg = Release Unicode|Smartphone 2003 (ARMV4)
		{0F6204A7-46DC-4FA5-ABF9-D75EE7BDF144}.Release Unicode|Smartphone 2003 (ARMV4).Build.0 = Release Unicode|Smartphone 2003 (ARMV4)
		{0F6204A7-46DC-4FA5-ABF9-D75EE7BDF144}.Release Unicode|Smartphone 2003 (ARMV4).Deploy.0 = Release Unicode|Smartphone 2003 (ARMV4)
		{0F6204A7-46DC-4FA5-ABF9-D75EE7BDF144}.Release Unicode|Win32.ActiveCfg = Release Unicode|Win32
		{0F6204A7-46DC-4FA5-ABF9-D75EE7BDF144}.Release Unicode|Win32.Build.0 = Release Unicode|Win32
		{0F6204A7-46DC-4FA5-ABF9-D75EE7BDF144}.Release Unicode|x64.ActiveCfg = Release Unicode|x64
		{0F6204A7-46DC-4FA5-ABF9-D75EE7BDF144}.Release Unicode|x64.Build.0 = Release Unicode|x64
		{0F6204A7-46DC-4FA5-ABF9-D75EE7BDF144}.Release|Pocket PC 2003 (ARMV4).ActiveCfg = Release|Pocket PC 2003 (ARMV4)
		{0F6204A7-46DC-4FA5-ABF9-D75EE7BDF144}.Release|Pocket PC 2003 (ARMV4).Build.0 = Release|Pocket PC 2003 (ARMV4)
		{0F6204A7-46DC-4FA5-ABF9-D75EE7BDF144}.Release|Pocket PC 2003 (ARMV4).Deploy.0 = Release|Pocket PC 2003 (ARMV4)
		{0F6204A7-46DC-4FA5-ABF9-D75EE7BDF144}.Release|Smartphone 2003 (ARMV4).ActiveCfg = Release|Smartphone 2003 (ARMV4)
		{0F6204A7-46DC-4FA5-ABF9-D75EE7BDF144}.Release|Smartphone 2003 (ARMV4).Build.0 = Release|Smartphone 2003 (ARMV4)
		{0F6204A7-46DC-4FA5-ABF9-D75EE7BDF144}.Release|Smartphone 2003 (ARMV4).Deploy.0 = Release|Smartphone 2003 (ARMV4)
		{0F6204A7-46DC-4FA5-ABF9-D75EE7BDF144}.Release|Win32.ActiveCfg = Release|Win32
		{0F6204A7-46DC-4FA5-ABF9-D75EE7BDF144}.Release|Win32.Build.0 = Release|Win32
		{0F6204A7-46DC-4FA5-ABF9-D75EE7BDF144}.Release|x64.ActiveCfg = Release|x64
		{0F6204A7-46DC-4FA5-ABF9-D75EE7BDF144}.Release|x64.Build.0 = Release|x64
		{0F6204A7-46DC-4FA5-ABF9-D75EE7BDF144}.ReleaseNoPlugins|Pocket PC 2003 (ARMV4).ActiveCfg = Release Unicode|x64
		{0F6204A7-46DC-4FA5-ABF9-D75EE7BDF144}.ReleaseNoPlugins|Smartphone 2003 (ARMV4).ActiveCfg = Release Unicode|x64
		{0F6204A7-46DC-4FA5-ABF9-D75EE7BDF144}.ReleaseNoPlugins|Win32.ActiveCfg = Release Unicode|x64
		{0F6204A7-46DC-4FA5-ABF9-D75EE7BDF144}.ReleaseNoPlugins|x64.ActiveCfg = Release Unicode|x64
		{0F6204A7-46DC-4FA5-ABF9-D75EE7BDF144}.ReleaseNoPlugins|x64.Build.0 = Release Unicode|x64
		{79D23593-503E-4C31-9342-42A970AAE0AF}.Debug Unicode|Pocket PC 2003 (ARMV4).ActiveCfg = Debug Unicode|Pocket PC 2003 (ARMV4)
		{79D23593-503E-4C31-9342-42A970AAE0AF}.Debug Unicode|Pocket PC 2003 (ARMV4).Build.0 = Debug Unicode|Pocket PC 2003 (ARMV4)
		{79D23593-503E-4C31-9342-42A970AAE0AF}.Debug Unicode|Pocket PC 2003 (ARMV4).Deploy.0 = Debug Unicode|Pocket PC 2003 (ARMV4)
		{79D23593-503E-4C31-9342-42A970AAE0AF}.Debug Unicode|Smartphone 2003 (ARMV4).ActiveCfg = Debug Unicode|Smartphone 2003 (ARMV4)
		{79D23593-503E-4C31-9342-42A970AAE0AF}.Debug Unicode|Smartphone 2003 (ARMV4).Build.0 = Debug Unicode|Smartphone 2003 (ARMV4)
		{79D23593-503E-4C31-9342-42A970AAE0AF}.Debug Unicode|Smartphone 2003 (ARMV4).Deploy.0 = Debug Unicode|Smartphone 2003 (ARMV4)
		{79D23593-503E-4C31-9342-42A970AAE0AF}.Debug Unicode|Win32.ActiveCfg = Debug Unicode|Win32
		{79D23593-503E-4C31-9342-42A970AAE0AF}.Debug Unicode|Win32.Build.0 = Debug Unicode|Win32
		{79D23593-503E-4C31-9342-42A970AAE0AF}.Debug Unicode|x64.ActiveCfg = Debug Unicode|x64
		{79D23593-503E-4C31-9342-42A970AAE0AF}.Debug Unicode|x64.Build.0 = Debug Unicode|x64
		{79D23593-503E-4C31-9342-42A970AAE0AF}.Debug|Pocket PC 2003 (ARMV4).ActiveCfg = Debug|Pocket PC 2003 (ARMV4)
		{79D23593-503E-4C31-9342-42A970AAE0AF}.Debug|Pocket PC 2003 (ARMV4).Build.0 = Debug|Pocket PC 2003 (ARMV4)
		{79D23593-503E-4C31-9342-42A970AAE0AF}.Debug|Pocket PC 2003 (ARMV4).Deploy.0 = Debug|Pocket PC 2003 (ARMV4)
		{79D23593-503E-4C31-9342-42A970AAE0AF}.Debug|Smartphone 2003 (ARMV4).ActiveCfg = Debug|Smartphone 2003 (ARMV4)
		{79D23593-503E-4C31-9342-42A970AAE0AF}.Debug|Smartphone 2003 (ARMV4).Build.0 = Debug|Smartphone 2003 (ARMV4)
		{79D23593-503E-4C31-9342-42A970AAE0AF}.Debug|Smartphone 2003 (ARMV4).Deploy.0 = Debug|Smartphone 2003 (ARMV4)
		{79D23593-503E-4C31-9342-42A970AAE0AF}.Debug|Win32.ActiveCfg = Debug|Win32
		{79D23593-503E-4C31-9342-42A970AAE0AF}.Debug|Win32.Build.0 = Debug|Win32
		{79D23593-503E-4C31-9342-42A970AAE0AF}.Debug|x64.ActiveCfg = Debug|x64
		{79D23593-503E-4C31-9342-42A970AAE0AF}.Debug|x64.Build.0 = Debug|x64
		{79D23593-503E-4C31-9342-42A970AAE0AF}.Release Unicode|Pocket PC 2003 (ARMV4).ActiveCfg = Release Unicode|Pocket PC 2003 (ARMV4)
		{79D23593-503E-4C31-9342-42A970AAE0AF}.Release Unicode|Pocket PC 2003 (ARMV4).Build.0 = Release Unicode|Pocket PC 2003 (ARMV4)
		{79D23593-503E-4C31-9342-42A970AAE0AF}.Release Unicode|Pocket PC 2003 (ARMV4).Deploy.0 = Release Unicode|Pocket PC 2003 (ARMV4)
		{79D23593-503E-4C31-9342-42A970AAE0AF}.Release Unicode|Smartphone 2003 (ARMV4).ActiveCfg = Release Unicode|Smartphone 2003 (ARMV4)
		{79D23593-503E-4C31-9342-42A970AAE0AF}.Release Unicode|Smartphone 2003 (ARMV4).Build.0 = Release Unicode|Smartphone 2003 (ARMV4)
		{79D23593-503E-4C31-9342-42A970AAE0AF}.Release Unicode|Smartphone 2003 (ARMV4).Deploy.0 = Release Unicode|Smartphone 2003 (ARMV4)
		{79D23593-503E-4C31-9342-42A970AAE0AF}.Release Unicode|Win32.ActiveCfg = Release Unicode|Win32
		{79D23593-503E-4C31-9342-42A970AAE0AF}.Release Unicode|Win32.Build.0 = Release Unicode|Win32
		{79D23593-503E-4C31-9342-42A970AAE0AF}.Release Unicode|x64.ActiveCfg = Release Unicode|x64
		{79D23593-503E-4C31-9342-42A970AAE0AF}.Release Unicode|x64.Build.0 = Release Unicode|x64
		{79D23593-503E-4C31-9342-42A970AAE0AF}.Release|Pocket PC 2003 (ARMV4).ActiveCfg = Release|Pocket PC 2003 (ARMV4)
		{79D23593-503E-4C31-9342-42A970AAE0AF}.Release|Pocket PC 2003 (ARMV4).Build.0 = Release|Pocket PC 2003 (ARMV4)
		{79D23593-503E-4C31-9342-42A970AAE0AF}.Release|Pocket PC 2003 (ARMV4).Deploy.0 = Release|Pocket PC 2003 (ARMV4)
		{79D23593-503E-4C31-9342-42A970AAE0AF}.Release|Smartphone 2003 (ARMV4).ActiveCfg = Release|Smartphone 2003 (ARMV4)
		{79D23593-503E-4C31-9342-42A970AAE0AF}.Release|Smartphone 2003 (ARMV4).Build.0 = Release|Smartphone 2003 (ARMV4)
		{79D23593-503E-4C31-9342-42A970AAE0AF}.Release|Smartphone 2003 (ARMV4).Deploy.0 = Release|Smartphone 2003 (ARMV4)
		{79D23593-503E-4C31-9342-42A970AAE0AF}.Release|Win32.ActiveCfg = Release|Win32
		{79D23593-503E-4C31-9342-42A970AAE0AF}.Release|Win32.Build.0 = Release|Win32
		{79D23593-503E-4C31-9342-42A970AAE0AF}.Release|x64.ActiveCfg = Release|x64
		{79D23593-503E-4C31-9342-42A970AAE0AF}.Release|x64.Build.0 = Release|x64
		{79D23593-503E-4C31-9342-42A970AAE0AF}.ReleaseNoPlugins|Pocket PC 2003 (ARMV4).ActiveCfg = Release Unicode|x64
		{79D23593-503E-4C31-9342-42A970AAE0AF}.ReleaseNoPlugins|Smartphone 2003 (ARMV4).ActiveCfg = Release Unicode|x64
		{79D23593-503E-4C31-9342-42A970AAE0AF}.ReleaseNoPlugins|Win32.ActiveCfg = Release Unicode|x64
		{79D23593-503E-4C31-9342-42A970AAE0AF}.ReleaseNoPlugins|x64.ActiveCfg = Release Unicode|x64
		{79D23593-503E-4C31-9342-42A970AAE0AF}.ReleaseNoPlugins|x64.Build.0 = Release Unicode|x64
		{3E89EA8A-1931-4830-BF14-1A2E7066064D}.Debug Unicode|Pocket PC 2003 (ARMV4).ActiveCfg = Debug|Win32
		{3E89EA8A-1931-4830-BF14-1A2E7066064D}.Debug Unicode|Smartphone 2003 (ARMV4).ActiveCfg = Debug|Win32
		{3E89EA8A-1931-4830-BF14-1A2E7066064D}.Debug Unicode|Win32.ActiveCfg = Debug|Win32
		{3E89EA8A-1931-4830-BF14-1A2E7066064D}.Debug Unicode|Win32.Build.0 = Debug|Win32
		{3E89EA8A-1931-4830-BF14-1A2E7066064D}.Debug Unicode|x64.ActiveCfg = Debug|Win32
		{3E89EA8A-1931-4830-BF14-1A2E7066064D}.Debug|Pocket PC 2003 (ARMV4).ActiveCfg = Debug|Win32
		{3E89EA8A-1931-4830-BF14-1A2E7066064D}.Debug|Smartphone 2003 (ARMV4).ActiveCfg = Debug|Win32
		{3E89EA8A-1931-4830-BF14-1A2E7066064D}.Debug|Win32.ActiveCfg = Debug|Win32
		{3E89EA8A-1931-4830-BF14-1A2E7066064D}.Debug|Win32.Build.0 = Debug|Win32
		{3E89EA8A-1931-4830-BF14-1A2E7066064D}.Debug|x64.ActiveCfg = Debug|Win32
		{3E89EA8A-1931-4830-BF14-1A2E7066064D}.Release Unicode|Pocket PC 2003 (ARMV4).ActiveCfg = Release|Win32
		{3E89EA8A-1931-4830-BF14-1A2E7066064D}.Release Unicode|Smartphone 2003 (ARMV4).ActiveCfg = Release|Win32
		{3E89EA8A-1931-4830-BF14-1A2E7066064D}.Release Unicode|Win32.ActiveCfg = Release|Win32
		{3E89EA8A-1931-4830-BF14-1A2E7066064D}.Release Unicode|Win32.Build.0 = Release|Win32
		{3E89EA8A-1931-4830-BF14-1A2E7066064D}.Release Unicode|x64.ActiveCfg = Release|Win32
		{3E89EA8A-1931-4830-BF14-1A2E7066064D}.Release|Pocket PC 2003 (ARMV4).ActiveCfg = Release|Win32
		{3E89EA8A-1931-4830-BF14-1A2E7066064D}.Release|Smartphone 2003 (ARMV4).ActiveCfg = Release|Win32
		{3E89EA8A-1931-4830-BF14-1A2E7066064D}.Release|Win32.ActiveCfg = Release|Win32
		{3E89EA8A-1931-4830-BF14-1A2E7066064D}.Release|Win32.Build.0 = Release|Win32
		{3E89EA8A-1931-4830-BF14-1A2E7066064D}.Release|x64.ActiveCfg = Release|Win32
		{3E89EA8A-1931-4830-BF14-1A2E7066064D}.ReleaseNoPlugins|Pocket PC 2003 (ARMV4).ActiveCfg = Release|Win32
		{3E89EA8A-1931-4830-BF14-1A2E7066064D}.ReleaseNoPlugins|Smartphone 2003 (ARMV4).ActiveCfg = Release|Win32
		{3E89EA8A-1931-4830-BF14-1A2E7066064D}.ReleaseNoPlugins|Win32.ActiveCfg = Release|Win32
		{3E89EA8A-1931-4830-BF14-1A2E7066064D}.ReleaseNoPlugins|Win32.Build.0 = Release|Win32
		{3E89EA8A-1931-4830-BF14-1A2E7066064D}.ReleaseNoPlugins|x64.ActiveCfg = Release|Win32
		{53E4D5C1-3A4D-4DEC-9720-F9F692CD25AB}.Debug Unicode|Pocket PC 2003 (ARMV4).ActiveCfg = Debug Unicode|Pocket PC 2003 (ARMV4)
		{53E4D5C1-3A4D-4DEC-9720-F9F692CD25AB}.Debug Unicode|Pocket PC 2003 (ARMV4).Build.0 = Debug Unicode|Pocket PC 2003 (ARMV4)
		{53E4D5C1-3A4D-4DEC-9720-F9F692CD25AB}.Debug Unicode|Pocket PC 2003 (ARMV4).Deploy.0 = Debug Unicode|Pocket PC 2003 (ARMV4)
		{53E4D5C1-3A4D-4DEC-9720-F9F692CD25AB}.Debug Unicode|Smartphone 2003 (ARMV4).ActiveCfg = Debug Unicode|Smartphone 2003 (ARMV4)
		{53E4D5C1-3A4D-4DEC-9720-F9F692CD25AB}.Debug Unicode|Smartphone 2003 (ARMV4).Build.0 = Debug Unicode|Smartphone 2003 (ARMV4)
		{53E4D5C1-3A4D-4DEC-9720-F9F692CD25AB}.Debug Unicode|Smartphone 2003 (ARMV4).Deploy.0 = Debug Unicode|Smartphone 2003 (ARMV4)
		{53E4D5C1-3A4D-4DEC-9720-F9F692CD25AB}.Debug Unicode|Win32.ActiveCfg = Debug Unicode|Win32
		{53E4D5C1-3A4D-4DEC-9720-F9F692CD25AB}.Debug Unicode|Win32.Build.0 = Debug Unicode|Win32
		{53E4D5C1-3A4D-4DEC-9720-F9F692CD25AB}.Debug Unicode|x64.ActiveCfg = Debug Unicode|x64
		{53E4D5C1-3A4D-4DEC-9720-F9F692CD25AB}.Debug Unicode|x64.Build.0 = Debug Unicode|x64
		{53E4D5C1-3A4D-4DEC-9720-F9F692CD25AB}.Debug|Pocket PC 2003 (ARMV4).ActiveCfg = Debug|Pocket PC 2003 (ARMV4)
		{53E4D5C1-3A4D-4DEC-9720-F9F692CD25AB}.Debug|Pocket PC 2003 (ARMV4).Build.0 = Debug|Pocket PC 2003 (ARMV4)
		{53E4D5C1-3A4D-4DEC-9720-F9F692CD25AB}.Debug|Pocket PC 2003 (ARMV4).Deploy.0 = Debug|Pocket PC 2003 (ARMV4)
		{53E4D5C1-3A4D-4DEC-9720-F9F692CD25AB}.Debug|Smartphone 2003 (ARMV4).ActiveCfg = Debug|Smartphone 2003 (ARMV4)
		{53E4D5C1-3A4D-4DEC-9720-F9F692CD25AB}.Debug|Smartphone 2003 (ARMV4).Build.0 = Debug|Smartphone 2003 (ARMV4)
		{53E4D5C1-3A4D-4DEC-9720-F9F692CD25AB}.Debug|Smartphone 2003 (ARMV4).Deploy.0 = Debug|Smartphone 2003 (ARMV4)
		{53E4D5C1-3A4D-4DEC-9720-F9F692CD25AB}.Debug|Win32.ActiveCfg = Debug|Win32
		{53E4D5C1-3A4D-4DEC-9720-F9F692CD25AB}.Debug|Win32.Build.0 = Debug|Win32
		{53E4D5C1-3A4D-4DEC-9720-F9F692CD25AB}.Debug|x64.ActiveCfg = Debug|x64
		{53E4D5C1-3A4D-4DEC-9720-F9F692CD25AB}.Debug|x64.Build.0 = Debug|x64
		{53E4D5C1-3A4D-4DEC-9720-F9F692CD25AB}.Release Unicode|Pocket PC 2003 (ARMV4).ActiveCfg = Release Unicode|Pocket PC 2003 (ARMV4)
		{53E4D5C1-3A4D-4DEC-9720-F9F692CD25AB}.Release Unicode|Pocket PC 2003 (ARMV4).Build.0 = Release Unicode|Pocket PC 2003 (ARMV4)
		{53E4D5C1-3A4D-4DEC-9720-F9F692CD25AB}.Release Unicode|Pocket PC 2003 (ARMV4).Deploy.0 = Release Unicode|Pocket PC 2003 (ARMV4)
		{53E4D5C1-3A4D-4DEC-9720-F9F692CD25AB}.Release Unicode|Smartphone 2003 (ARMV4).ActiveCfg = Release Unicode|Smartphone 2003 (ARMV4)
		{53E4D5C1-3A4D-4DEC-9720-F9F692CD25AB}.Release Unicode|Smartphone 2003 (ARMV4).Build.0 = Release Unicode|Smartphone 2003 (ARMV4)
		{53E4D5C1-3A4D-4DEC-9720-F9F692CD25AB}.Release Unicode|Smartphone 2003 (ARMV4).Deploy.0 = Release Unicode|Smartphone 2003 (ARMV4)
		{53E4D5C1-3A4D-4DEC-9720-F9F692CD25AB}.Release Unicode|Win32.ActiveCfg = Release Unicode|Win32
		{53E4D5C1-3A4D-4DEC-9720-F9F692CD25AB}.Release Unicode|Win32.Build.0 = Release Unicode|Win32
		{53E4D5C1-3A4D-4DEC-9720-F9F692CD25AB}.Release Unicode|x64.ActiveCfg = Release Unicode|x64
		{53E4D5C1-3A4D-4DEC-9720-F9F692CD25AB}.Release Unicode|x64.Build.0 = Release Unicode|x64
		{53E4D5C1-3A4D-4DEC-9720-F9F692CD25AB}.Release|Pocket PC 2003 (ARMV4).ActiveCfg = Release|Pocket PC 2003 (ARMV4)
		{53E4D5C1-3A4D-4DEC-9720-F9F692CD25AB}.Release|Pocket PC 2003 (ARMV4).Build.0 = Release|Pocket PC 2003 (ARMV4)
		{53E4D5C1-3A4D-4DEC-9720-F9F692CD25AB}.Release|Pocket PC 2003 (ARMV4).Deploy.0 = Release|Pocket PC 2003 (ARMV4)
		{53E4D5C1-3A4D-4DEC-9720-F9F692CD25AB}.Release|Smartphone 2003 (ARMV4).ActiveCfg = Release|Smartphone 2003 (ARMV4)
		{53E4D5C1-3A4D-4DEC-9720-F9F692CD25AB}.Release|Smartphone 2003 (ARMV4).Build.0 = Release|Smartphone 2003 (ARMV4)
		{53E4D5C1-3A4D-4DEC-9720-F9F692CD25AB}.Release|Smartphone 2003 (ARMV4).Deploy.0 = Release|Smartphone 2003 (ARMV4)
		{53E4D5C1-3A4D-4DEC-9720-F9F692CD25AB}.Release|Win32.ActiveCfg = Release|Win32
		{53E4D5C1-3A4D-4DEC-9720-F9F692CD25AB}.Release|Win32.Build.0 = Release|Win32
		{53E4D5C1-3A4D-4DEC-9720-F9F692CD25AB}.Release|x64.ActiveCfg = Release|x64
		{53E4D5C1-3A4D-4DEC-9720-F9F692CD25AB}.Release|x64.Build.0 = Release|x64
		{53E4D5C1-3A4D-4DEC-9720-F9F692CD25AB}.ReleaseNoPlugins|Pocket PC 2003 (ARMV4).ActiveCfg = Release Unicode|x64
		{53E4D5C1-3A4D-4DEC-9720-F9F692CD25AB}.ReleaseNoPlugins|Smartphone 2003 (ARMV4).ActiveCfg = Release Unicode|x64
		{53E4D5C1-3A4D-4DEC-9720-F9F692CD25AB}.ReleaseNoPlugins|Win32.ActiveCfg = Release Unicode|x64
		{53E4D5C1-3A4D-4DEC-9720-F9F692CD25AB}.ReleaseNoPlugins|x64.ActiveCfg = Release Unicode|x64
		{53E4D5C1-3A4D-4DEC-9720-F9F692CD25AB}.ReleaseNoPlugins|x64.Build.0 = Release Unicode|x64
		{B9A5A66D-26A9-41A0-911F-A60B196F52B1}.Debug Unicode|Pocket PC 2003 (ARMV4).ActiveCfg = Debug Unicode|Pocket PC 2003 (ARMV4)
		{B9A5A66D-26A9-41A0-911F-A60B196F52B1}.Debug Unicode|Pocket PC 2003 (ARMV4).Build.0 = Debug Unicode|Pocket PC 2003 (ARMV4)
		{B9A5A66D-26A9-41A0-911F-A60B196F52B1}.Debug Unicode|Pocket PC 2003 (ARMV4).Deploy.0 = Debug Unicode|Pocket PC 2003 (ARMV4)
		{B9A5A66D-26A9-41A0-911F-A60B196F52B1}.Debug Unicode|Smartphone 2003 (ARMV4).ActiveCfg = Debug Unicode|Smartphone 2003 (ARMV4)
		{B9A5A66D-26A9-41A0-911F-A60B196F52B1}.Debug Unicode|Smartphone 2003 (ARMV4).Build.0 = Debug Unicode|Smartphone 2003 (ARMV4)
		{B9A5A66D-26A9-41A0-911F-A60B196F52B1}.Debug Unicode|Smartphone 2003 (ARMV4).Deploy.0 = Debug Unicode|Smartphone 2003 (ARMV4)
		{B9A5A66D-26A9-41A0-911F-A60B196F52B1}.Debug Unicode|Win32.ActiveCfg = Debug Unicode|Win32
		{B9A5A66D-26A9-41A0-911F-A60B196F52B1}.Debug Unicode|Win32.Build.0 = Debug Unicode|Win32
		{B9A5A66D-26A9-41A0-911F-A60B196F52B1}.Debug Unicode|x64.ActiveCfg = Debug Unicode|x64
		{B9A5A66D-26A9-41A0-911F-A60B196F52B1}.Debug Unicode|x64.Build.0 = Debug Unicode|x64
		{B9A5A66D-26A9-41A0-911F-A60B196F52B1}.Debug|Pocket PC 2003 (ARMV4).ActiveCfg = Debug|Pocket PC 2003 (ARMV4)
		{B9A5A66D-26A9-41A0-911F-A60B196F52B1}.Debug|Pocket PC 2003 (ARMV4).Build.0 = Debug|Pocket PC 2003 (ARMV4)
		{B9A5A66D-26A9-41A0-911F-A60B196F52B1}.Debug|Pocket PC 2003 (ARMV4).Deploy.0 = Debug|Pocket PC 2003 (ARMV4)
		{B9A5A66D-26A9-41A0-911F-A60B196F52B1}.Debug|Smartphone 2003 (ARMV4).ActiveCfg = Debug|Smartphone 2003 (ARMV4)
		{B9A5A66D-26A9-41A0-911F-A60B196F52B1}.Debug|Smartphone 2003 (ARMV4).Build.0 = Debug|Smartphone 2003 (ARMV4)
		{B9A5A66D-26A9-41A0-911F-A60B196F52B1}.Debug|Smartphone 2003 (ARMV4).Deploy.0 = Debug|Smartphone 2003 (ARMV4)
		{B9A5A66D-26A9-41A0-911F-A60B196F52B1}.Debug|Win32.ActiveCfg = Debug|Win32
		{B9A5A66D-26A9-41A0-911F-A60B196F52B1}.Debug|Win32.Build.0 = Debug|Win32
		{B9A5A66D-26A9-41A0-911F-A60B196F52B1}.Debug|x64.ActiveCfg = Debug|x64
		{B9A5A66D-26A9-41A0-911F-A60B196F52B1}.Debug|x64.Build.0 = Debug|x64
		{B9A5A66D-26A9-41A0-911F-A60B196F52B1}.Release Unicode|Pocket PC 2003 (ARMV4).ActiveCfg = Release Unicode|Pocket PC 2003 (ARMV4)
		{B9A5A66D-26A9-41A0-911F-A60B196F52B1}.Release Unicode|Pocket PC 2003 (ARMV4).Build.0 = Release Unicode|Pocket PC 2003 (ARMV4)
		{B9A5A66D-26A9-41A0-911F-A60B196F52B1}.Release Unicode|Pocket PC 2003 (ARMV4).Deploy.0 = Release Unicode|Pocket PC 2003 (ARMV4)
		{B9A5A66D-26A9-41A0-911F-A60B196F52B1}.Release Unicode|Smartphone 2003 (ARMV4).ActiveCfg = Release Unicode|Smartphone 2003 (ARMV4)
		{B9A5A66D-26A9-41A0-911F-A60B196F52B1}.Release Unicode|Smartphone 2003 (ARMV4).Build.0 = Release Unicode|Smartphone 2003 (ARMV4)
		{B9A5A66D-26A9-41A0-911F-A60B196F52B1}.Release Unicode|Smartphone 2003 (ARMV4).Deploy.0 = Release Unicode|Smartphone 2003 (ARMV4)
		{B9A5A66D-26A9-41A0-911F-A60B196F52B1}.Release Unicode|Win32.ActiveCfg = Release Unicode|Win32
		{B9A5A66D-26A9-41A0-911F-A60B196F52B1}.Release Unicode|Win32.Build.0 = Release Unicode|Win32
		{B9A5A66D-26A9-41A0-911F-A60B196F52B1}.Release Unicode|x64.ActiveCfg = Release Unicode|x64
		{B9A5A66D-26A9-41A0-911F-A60B196F52B1}.Release Unicode|x64.Build.0 = Release Unicode|x64
		{B9A5A66D-26A9-41A0-911F-A60B196F52B1}.Release|Pocket PC 2003 (ARMV4).ActiveCfg = Release|Pocket PC 2003 (ARMV4)
		{B9A5A66D-26A9-41A0-911F-A60B196F52B1}.Release|Pocket PC 2003 (ARMV4).Build.0 = Release|Pocket PC 2003 (ARMV4)
		{B9A5A66D-26A9-41A0-911F-A60B196F52B1}.Release|Pocket PC 2003 (ARMV4).Deploy.0 = Release|Pocket PC 2003 (ARMV4)
		{B9A5A66D-26A9-41A0-911F-A60B196F52B1}.Release|Smartphone 2003 (ARMV4).ActiveCfg = Release|Smartphone 2003 (ARMV4)
		{B9A5A66D-26A9-41A0-911F-A60B196F52B1}.Release|Smartphone 2003 (ARMV4).Build.0 = Release|Smartphone 2003 (ARMV4)
		{B9A5A66D-26A9-41A0-911F-A60B196F52B1}.Release|Smartphone 2003 (ARMV4).Deploy.0 = Release|Smartphone 2003 (ARMV4)
		{B9A5A66D-26A9-41A0-911F-A60B196F52B1}.Release|Win32.ActiveCfg = Release|Win32
		{B9A5A66D-26A9-41A0-911F-A60B196F52B1}.Release|Win32.Build.0 = Release|Win32
		{B9A5A66D-26A9-41A0-911F-A60B196F52B1}.Release|x64.ActiveCfg = Release|x64
		{B9A5A66D-26A9-41A0-911F-A60B196F52B1}.Release|x64.Build.0 = Release|x64
		{B9A5A66D-26A9-41A0-911F-A60B196F52B1}.ReleaseNoPlugins|Pocket PC 2003 (ARMV4).ActiveCfg = Release Unicode|x64
		{B9A5A66D-26A9-41A0-911F-A60B196F52B1}.ReleaseNoPlugins|Smartphone 2003 (ARMV4).ActiveCfg = Release Unicode|x64
		{B9A5A66D-26A9-41A0-911F-A60B196F52B1}.ReleaseNoPlugins|Win32.ActiveCfg = Release Unicode|x64
		{B9A5A66D-26A9-41A0-911F-A60B196F52B1}.ReleaseNoPlugins|x64.ActiveCfg = Release Unicode|x64
		{B9A5A66D-26A9-41A0-911F-A60B196F52B1}.ReleaseNoPlugins|x64.Build.0 = Release Unicode|x64
		{885E739B-4390-4F17-928C-5399AD50DA1D}.Debug Unicode|Pocket PC 2003 (ARMV4).ActiveCfg = Debug Unicode|Pocket PC 2003 (ARMV4)
		{885E739B-4390-4F17-928C-5399AD50DA1D}.Debug Unicode|Pocket PC 2003 (ARMV4).Build.0 = Debug Unicode|Pocket PC 2003 (ARMV4)
		{885E739B-4390-4F17-928C-5399AD50DA1D}.Debug Unicode|Pocket PC 2003 (ARMV4).Deploy.0 = Debug Unicode|Pocket PC 2003 (ARMV4)
		{885E739B-4390-4F17-928C-5399AD50DA1D}.Debug Unicode|Smartphone 2003 (ARMV4).ActiveCfg = Debug Unicode|Smartphone 2003 (ARMV4)
		{885E739B-4390-4F17-928C-5399AD50DA1D}.Debug Unicode|Smartphone 2003 (ARMV4).Build.0 = Debug Unicode|Smartphone 2003 (ARMV4)
		{885E739B-4390-4F17-928C-5399AD50DA1D}.Debug Unicode|Smartphone 2003 (ARMV4).Deploy.0 = Debug Unicode|Smartphone 2003 (ARMV4)
		{885E739B-4390-4F17-928C-5399AD50DA1D}.Debug Unicode|Win32.ActiveCfg = Debug Unicode|Win32
		{885E739B-4390-4F17-928C-5399AD50DA1D}.Debug Unicode|Win32.Build.0 = Debug Unicode|Win32
		{885E739B-4390-4F17-928C-5399AD50DA1D}.Debug Unicode|x64.ActiveCfg = Debug Unicode|x64
		{885E739B-4390-4F17-928C-5399AD50DA1D}.Debug Unicode|x64.Build.0 = Debug Unicode|x64
		{885E739B-4390-4F17-928C-5399AD50DA1D}.Debug|Pocket PC 2003 (ARMV4).ActiveCfg = Debug|Pocket PC 2003 (ARMV4)
		{885E739B-4390-4F17-928C-5399AD50DA1D}.Debug|Pocket PC 2003 (ARMV4).Build.0 = Debug|Pocket PC 2003 (ARMV4)
		{885E739B-4390-4F17-928C-5399AD50DA1D}.Debug|Pocket PC 2003 (ARMV4).Deploy.0 = Debug|Pocket PC 2003 (ARMV4)
		{885E739B-4390-4F17-928C-5399AD50DA1D}.Debug|Smartphone 2003 (ARMV4).ActiveCfg = Debug|Smartphone 2003 (ARMV4)
		{885E739B-4390-4F17-928C-5399AD50DA1D}.Debug|Smartphone 2003 (ARMV4).Build.0 = Debug|Smartphone 2003 (ARMV4)
		{885E739B-4390-4F17-928C-5399AD50DA1D}.Debug|Smartphone 2003 (ARMV4).Deploy.0 = Debug|Smartphone 2003 (ARMV4)
		{885E739B-4390-4F17-928C-5399AD50DA1D}.Debug|Win32.ActiveCfg = Debug|Win32
		{885E739B-4390-4F17-928C-5399AD50DA1D}.Debug|Win32.Build.0 = Debug|Win32
		{885E739B-4390-4F17-928C-5399AD50DA1D}.Debug|x64.ActiveCfg = Debug|x64
		{885E739B-4390-4F17-928C-5399AD50DA1D}.Debug|x64.Build.0 = Debug|x64
		{885E739B-4390-4F17-928C-5399AD50DA1D}.Release Unicode|Pocket PC 2003 (ARMV4).ActiveCfg = Release Unicode|Pocket PC 2003 (ARMV4)
		{885E739B-4390-4F17-928C-5399AD50DA1D}.Release Unicode|Pocket PC 2003 (ARMV4).Build.0 = Release Unicode|Pocket PC 2003 (ARMV4)
		{885E739B-4390-4F17-928C-5399AD50DA1D}.Release Unicode|Pocket PC 2003 (ARMV4).Deploy.0 = Release Unicode|Pocket PC 2003 (ARMV4)
		{885E739B-4390-4F17-928C-5399AD50DA1D}.Release Unicode|Smartphone 2003 (ARMV4).ActiveCfg = Release Unicode|Smartphone 2003 (ARMV4)
		{885E739B-4390-4F17-928C-5399AD50DA1D}.Release Unicode|Smartphone 2003 (ARMV4).Build.0 = Release Unicode|Smartphone 2003 (ARMV4)
		{885E739B-4390-4F17-928C-5399AD50DA1D}.Release Unicode|Smartphone 2003 (ARMV4).Deploy.0 = Release Unicode|Smartphone 2003 (ARMV4)
		{885E739B-4390-4F17-928C-5399AD50DA1D}.Release Unicode|Win32.ActiveCfg = Release Unicode|Win32
		{885E739B-4390-4F17-928C-5399AD50DA1D}.Release Unicode|Win32.Build.0 = Release Unicode|Win32
		{885E739B-4390-4F17-928C-5399AD50DA1D}.Release Unicode|x64.ActiveCfg = Release Unicode|x64
		{885E739B-4390-4F17-928C-5399AD50DA1D}.Release Unicode|x64.Build.0 = Release Unicode|x64
		{885E739B-4390-4F17-928C-5399AD50DA1D}.Release|Pocket PC 2003 (ARMV4).ActiveCfg = Release|Pocket PC 2003 (ARMV4)
		{885E739B-4390-4F17-928C-5399AD50DA1D}.Release|Pocket PC 2003 (ARMV4).Build.0 = Release|Pocket PC 2003 (ARMV4)
		{885E739B-4390-4F17-928C-5399AD50DA1D}.Release|Pocket PC 2003 (ARMV4).Deploy.0 = Release|Pocket PC 2003 (ARMV4)
		{885E739B-4390-4F17-928C-5399AD50DA1D}.Release|Smartphone 2003 (ARMV4).ActiveCfg = Release|Smartphone 2003 (ARMV4)
		{885E739B-4390-4F17-928C-5399AD50DA1D}.Release|Smartphone 2003 (ARMV4).Build.0 = Release|Smartphone 2003 (ARMV4)
		{885E739B-4390-4F17-928C-5399AD50DA1D}.Release|Smartphone 2003 (ARMV4).Deploy.0 = Release|Smartphone 2003 (ARMV4)
		{885E739B-4390-4F17-928C-5399AD50DA1D}.Release|Win32.ActiveCfg = Release|Win32
		{885E739B-4390-4F17-928C-5399AD50DA1D}.Release|Win32.Build.0 = Release|Win32
		{885E739B-4390-4F17-928C-5399AD50DA1D}.Release|x64.ActiveCfg = Release|x64
		{885E739B-4390-4F17-928C-5399AD50DA1D}.Release|x64.Build.0 = Release|x64
		{885E739B-4390-4F17-928C-5399AD50DA1D}.ReleaseNoPlugins|Pocket PC 2003 (ARMV4).ActiveCfg = Release Unicode|x64
		{885E739B-4390-4F17-928C-5399AD50DA1D}.ReleaseNoPlugins|Smartphone 2003 (ARMV4).ActiveCfg = Release Unicode|x64
		{885E739B-4390-4F17-928C-5399AD50DA1D}.ReleaseNoPlugins|Win32.ActiveCfg = Release Unicode|x64
		{885E739B-4390-4F17-928C-5399AD50DA1D}.ReleaseNoPlugins|x64.ActiveCfg = Release Unicode|x64
		{885E739B-4390-4F17-928C-5399AD50DA1D}.ReleaseNoPlugins|x64.Build.0 = Release Unicode|x64
		{4AFE9712-D484-43E2-8292-B163F0D23F97}.Debug Unicode|Pocket PC 2003 (ARMV4).ActiveCfg = Debug|Win32
		{4AFE9712-D484-43E2-8292-B163F0D23F97}.Debug Unicode|Smartphone 2003 (ARMV4).ActiveCfg = Debug|Win32
		{4AFE9712-D484-43E2-8292-B163F0D23F97}.Debug Unicode|Win32.ActiveCfg = Debug|Win32
		{4AFE9712-D484-43E2-8292-B163F0D23F97}.Debug Unicode|Win32.Build.0 = Debug|Win32
		{4AFE9712-D484-43E2-8292-B163F0D23F97}.Debug Unicode|x64.ActiveCfg = Debug|Win32
		{4AFE9712-D484-43E2-8292-B163F0D23F97}.Debug|Pocket PC 2003 (ARMV4).ActiveCfg = Debug|Win32
		{4AFE9712-D484-43E2-8292-B163F0D23F97}.Debug|Smartphone 2003 (ARMV4).ActiveCfg = Debug|Win32
		{4AFE9712-D484-43E2-8292-B163F0D23F97}.Debug|Win32.ActiveCfg = Debug|Win32
		{4AFE9712-D484-43E2-8292-B163F0D23F97}.Debug|Win32.Build.0 = Debug|Win32
		{4AFE9712-D484-43E2-8292-B163F0D23F97}.Debug|x64.ActiveCfg = Debug|Win32
		{4AFE9712-D484-43E2-8292-B163F0D23F97}.Release Unicode|Pocket PC 2003 (ARMV4).ActiveCfg = Release|Win32
		{4AFE9712-D484-43E2-8292-B163F0D23F97}.Release Unicode|Smartphone 2003 (ARMV4).ActiveCfg = Release|Win32
		{4AFE9712-D484-43E2-8292-B163F0D23F97}.Release Unicode|Win32.ActiveCfg = Release|Win32
		{4AFE9712-D484-43E2-8292-B163F0D23F97}.Release Unicode|Win32.Build.0 = Release|Win32
		{4AFE9712-D484-43E2-8292-B163F0D23F97}.Release Unicode|x64.ActiveCfg = Release|Win32
		{4AFE9712-D484-43E2-8292-B163F0D23F97}.Release|Pocket PC 2003 (ARMV4).ActiveCfg = Release|Win32
		{4AFE9712-D484-43E2-8292-B163F0D23F97}.Release|Smartphone 2003 (ARMV4).ActiveCfg = Release|Win32
		{4AFE9712-D484-43E2-8292-B163F0D23F97}.Release|Win32.ActiveCfg = Release|Win32
		{4AFE9712-D484-43E2-8292-B163F0D23F97}.Release|Win32.Build.0 = Release|Win32
		{4AFE9712-D484-43E2-8292-B163F0D23F97}.Release|x64.ActiveCfg = Release|Win32
		{4AFE9712-D484-43E2-8292-B163F0D23F97}.ReleaseNoPlugins|Pocket PC 2003 (ARMV4).ActiveCfg = Release|Win32
		{4AFE9712-D484-43E2-8292-B163F0D23F97}.ReleaseNoPlugins|Smartphone 2003 (ARMV4).ActiveCfg = Release|Win32
		{4AFE9712-D484-43E2-8292-B163F0D23F97}.ReleaseNoPlugins|Win32.ActiveCfg = Release|Win32
		{4AFE9712-D484-43E2-8292-B163F0D23F97}.ReleaseNoPlugins|Win32.Build.0 = Release|Win32
		{4AFE9712-D484-43E2-8292-B163F0D23F97}.ReleaseNoPlugins|x64.ActiveCfg = Release|Win32
		{FA7C64A0-4864-4138-9F85-E41456423600}.Debug Unicode|Pocket PC 2003 (ARMV4).ActiveCfg = Debug Unicode|Pocket PC 2003 (ARMV4)
		{FA7C64A0-4864-4138-9F85-E41456423600}.Debug Unicode|Pocket PC 2003 (ARMV4).Build.0 = Debug Unicode|Pocket PC 2003 (ARMV4)
		{FA7C64A0-4864-4138-9F85-E41456423600}.Debug Unicode|Pocket PC 2003 (ARMV4).Deploy.0 = Debug Unicode|Pocket PC 2003 (ARMV4)
		{FA7C64A0-4864-4138-9F85-E41456423600}.Debug Unicode|Smartphone 2003 (ARMV4).ActiveCfg = Debug Unicode|Pocket PC 2003 (ARMV4)
		{FA7C64A0-4864-4138-9F85-E41456423600}.Debug Unicode|Win32.ActiveCfg = Debug Unicode|Win32
		{FA7C64A0-4864-4138-9F85-E41456423600}.Debug Unicode|Win32.Build.0 = Debug Unicode|Win32
		{FA7C64A0-4864-4138-9F85-E41456423600}.Debug Unicode|x64.ActiveCfg = Debug Unicode|Pocket PC 2003 (ARMV4)
		{FA7C64A0-4864-4138-9F85-E41456423600}.Debug|Pocket PC 2003 (ARMV4).ActiveCfg = Debug|Pocket PC 2003 (ARMV4)
		{FA7C64A0-4864-4138-9F85-E41456423600}.Debug|Pocket PC 2003 (ARMV4).Build.0 = Debug|Pocket PC 2003 (ARMV4)
		{FA7C64A0-4864-4138-9F85-E41456423600}.Debug|Pocket PC 2003 (ARMV4).Deploy.0 = Debug|Pocket PC 2003 (ARMV4)
		{FA7C64A0-4864-4138-9F85-E41456423600}.Debug|Smartphone 2003 (ARMV4).ActiveCfg = Debug|Pocket PC 2003 (ARMV4)
		{FA7C64A0-4864-4138-9F85-E41456423600}.Debug|Win32.ActiveCfg = Debug|Win32
		{FA7C64A0-4864-4138-9F85-E41456423600}.Debug|Win32.Build.0 = Debug|Win32
		{FA7C64A0-4864-4138-9F85-E41456423600}.Debug|x64.ActiveCfg = Debug|Pocket PC 2003 (ARMV4)
		{FA7C64A0-4864-4138-9F85-E41456423600}.Release Unicode|Pocket PC 2003 (ARMV4).ActiveCfg = Release Unicode|Pocket PC 2003 (ARMV4)
		{FA7C64A0-4864-4138-9F85-E41456423600}.Release Unicode|Pocket PC 2003 (ARMV4).Build.0 = Release Unicode|Pocket PC 2003 (ARMV4)
		{FA7C64A0-4864-4138-9F85-E41456423600}.Release Unicode|Pocket PC 2003 (ARMV4).Deploy.0 = Release Unicode|Pocket PC 2003 (ARMV4)
		{FA7C64A0-4864-4138-9F85-E41456423600}.Release Unicode|Smartphone 2003 (ARMV4).ActiveCfg = Release Unicode|Pocket PC 2003 (ARMV4)
		{FA7C64A0-4864-4138-9F85-E41456423600}.Release Unicode|Win32.ActiveCfg = Release Unicode|Win32
		{FA7C64A0-4864-4138-9F85-E41456423600}.Release Unicode|Win32.Build.0 = Release Unicode|Win32
		{FA7C64A0-4864-4138-9F85-E41456423600}.Release Unicode|x64.ActiveCfg = Release Unicode|Pocket PC 2003 (ARMV4)
		{FA7C64A0-4864-4138-9F85-E41456423600}.Release|Pocket PC 2003 (ARMV4).ActiveCfg = Release|Pocket PC 2003 (ARMV4)
		{FA7C64A0-4864-4138-9F85-E41456423600}.Release|Pocket PC 2003 (ARMV4).Build.0 = Release|Pocket PC 2003 (ARMV4)
		{FA7C64A0-4864-4138-9F85-E41456423600}.Release|Pocket PC 2003 (ARMV4).Deploy.0 = Release|Pocket PC 2003 (ARMV4)
		{FA7C64A0-4864-4138-9F85-E41456423600}.Release|Smartphone 2003 (ARMV4).ActiveCfg = Release|Pocket PC 2003 (ARMV4)
		{FA7C64A0-4864-4138-9F85-E41456423600}.Release|Win32.ActiveCfg = Release|Win32
		{FA7C64A0-4864-4138-9F85-E41456423600}.Release|Win32.Build.0 = Release|Win32
		{FA7C64A0-4864-4138-9F85-E41456423600}.Release|x64.ActiveCfg = Release|Pocket PC 2003 (ARMV4)
		{FA7C64A0-4864-4138-9F85-E41456423600}.ReleaseNoPlugins|Pocket PC 2003 (ARMV4).ActiveCfg = ReleaseNoPlugins|Pocket PC 2003 (ARMV4)
		{FA7C64A0-4864-4138-9F85-E41456423600}.ReleaseNoPlugins|Pocket PC 2003 (ARMV4).Build.0 = ReleaseNoPlugins|Pocket PC 2003 (ARMV4)
		{FA7C64A0-4864-4138-9F85-E41456423600}.ReleaseNoPlugins|Pocket PC 2003 (ARMV4).Deploy.0 = ReleaseNoPlugins|Pocket PC 2003 (ARMV4)
		{FA7C64A0-4864-4138-9F85-E41456423600}.ReleaseNoPlugins|Smartphone 2003 (ARMV4).ActiveCfg = ReleaseNoPlugins|Pocket PC 2003 (ARMV4)
		{FA7C64A0-4864-4138-9F85-E41456423600}.ReleaseNoPlugins|Win32.ActiveCfg = ReleaseNoPlugins|Win32
		{FA7C64A0-4864-4138-9F85-E41456423600}.ReleaseNoPlugins|Win32.Build.0 = ReleaseNoPlugins|Win32
		{FA7C64A0-4864-4138-9F85-E41456423600}.ReleaseNoPlugins|x64.ActiveCfg = ReleaseNoPlugins|Pocket PC 2003 (ARMV4)
	EndGlobalSection
	GlobalSection(SolutionProperties) = preSolution
		HideSolutionNode = FALSE
	EndGlobalSection
EndGlobal
