
Microsoft Visual Studio Solution File, Format Version 9.00
# Visual Studio 2005
Project("{8BC9CEB8-8B4A-11D0-8D11-00A0C91BC942}") = "sg9", "sg9\sg9.vcproj", "{EE84711A-D065-437D-A360-A81434BE0752}"
EndProject
Global
	GlobalSection(SolutionConfigurationPlatforms) = preSolution
		Debug|Win32 = Debug|Win32
		Release|Win32 = Release|Win32
	EndGlobalSection
	GlobalSection(ProjectConfigurationPlatforms) = postSolution
		{EE84711A-D065-437D-A360-A81434BE0752}.Debug|Win32.ActiveCfg = Debug|Win32
		{EE84711A-D065-437D-A360-A81434BE0752}.Debug|Win32.Build.0 = Debug|Win32
		{EE84711A-D065-437D-A360-A81434BE0752}.Release|Win32.ActiveCfg = Release|Win32
		{EE84711A-D065-437D-A360-A81434BE0752}.Release|Win32.Build.0 = Release|Win32
	EndGlobalSection
	GlobalSection(SolutionProperties) = preSolution
		HideSolutionNode = FALSE
	EndGlobalSection
EndGlobal
