Microsoft Visual Studio Solution File, Format Version 9.00
# Visual Studio 2005
Project("{8BC9CEB8-8B4A-11D0-8D11-00A0C91BC942}") = "DrawWindow", "DrawWindow.vcproj", "{ADEB13B8-59BA-42CB-8050-25A78F8442F3}"
EndProject
Global
	GlobalSection(SolutionConfigurationPlatforms) = preSolution
		Debug|Win32 = Debug|Win32
		Release|Win32 = Release|Win32
	EndGlobalSection
	GlobalSection(ProjectConfigurationPlatforms) = postSolution
		{ADEB13B8-59BA-42CB-8050-25A78F8442F3}.Debug|Win32.ActiveCfg = Debug|Win32
		{ADEB13B8-59BA-42CB-8050-25A78F8442F3}.Debug|Win32.Build.0 = Debug|Win32
		{ADEB13B8-59BA-42CB-8050-25A78F8442F3}.Release|Win32.ActiveCfg = Release|Win32
		{ADEB13B8-59BA-42CB-8050-25A78F8442F3}.Release|Win32.Build.0 = Release|Win32
	EndGlobalSection
	GlobalSection(SolutionProperties) = preSolution
		HideSolutionNode = FALSE
	EndGlobalSection
EndGlobal
