
Microsoft Visual Studio Solution File, Format Version 9.00
# Visual Studio 2005
Project("{8BC9CEB8-8B4A-11D0-8D11-00A0C91BC942}") = "complex", "complex\complex.vcproj", "{7721B0FC-2081-4FC2-A1A3-CD20DF5252E2}"
EndProject
Project("{8BC9CEB8-8B4A-11D0-8D11-00A0C91BC942}") = "sg9", "..\sg9\sg9\sg9\sg9.vcproj", "{EE84711A-D065-437D-A360-A81434BE0752}"
EndProject
Project("{8BC9CEB8-8B4A-11D0-8D11-00A0C91BC942}") = "aggtest", "..\aggtest\aggtest\aggtest.vcproj", "{3A27D822-CF29-498B-9E0E-E02B264E6FF2}"
EndProject
Global
	GlobalSection(SolutionConfigurationPlatforms) = preSolution
		Debug|Win32 = Debug|Win32
		Debug|x64 = Debug|x64
		Release|Win32 = Release|Win32
		Release|x64 = Release|x64
		Win64|Win32 = Win64|Win32
		Win64|x64 = Win64|x64
	EndGlobalSection
	GlobalSection(ProjectConfigurationPlatforms) = postSolution
		{7721B0FC-2081-4FC2-A1A3-CD20DF5252E2}.Debug|Win32.ActiveCfg = Debug|Win32
		{7721B0FC-2081-4FC2-A1A3-CD20DF5252E2}.Debug|Win32.Build.0 = Debug|Win32
		{7721B0FC-2081-4FC2-A1A3-CD20DF5252E2}.Debug|x64.ActiveCfg = Debug|Win32
		{7721B0FC-2081-4FC2-A1A3-CD20DF5252E2}.Release|Win32.ActiveCfg = Release|Win32
		{7721B0FC-2081-4FC2-A1A3-CD20DF5252E2}.Release|Win32.Build.0 = Release|Win32
		{7721B0FC-2081-4FC2-A1A3-CD20DF5252E2}.Release|x64.ActiveCfg = Release|Win32
		{7721B0FC-2081-4FC2-A1A3-CD20DF5252E2}.Win64|Win32.ActiveCfg = Release|Win32
		{7721B0FC-2081-4FC2-A1A3-CD20DF5252E2}.Win64|Win32.Build.0 = Release|Win32
		{7721B0FC-2081-4FC2-A1A3-CD20DF5252E2}.Win64|x64.ActiveCfg = Release|Win32
		{EE84711A-D065-437D-A360-A81434BE0752}.Debug|Win32.ActiveCfg = Debug|Win32
		{EE84711A-D065-437D-A360-A81434BE0752}.Debug|Win32.Build.0 = Debug|Win32
		{EE84711A-D065-437D-A360-A81434BE0752}.Debug|x64.ActiveCfg = Debug|Win32
		{EE84711A-D065-437D-A360-A81434BE0752}.Release|Win32.ActiveCfg = Release|Win32
		{EE84711A-D065-437D-A360-A81434BE0752}.Release|Win32.Build.0 = Release|Win32
		{EE84711A-D065-437D-A360-A81434BE0752}.Release|x64.ActiveCfg = Release|Win32
		{EE84711A-D065-437D-A360-A81434BE0752}.Win64|Win32.ActiveCfg = Release|Win32
		{EE84711A-D065-437D-A360-A81434BE0752}.Win64|Win32.Build.0 = Release|Win32
		{EE84711A-D065-437D-A360-A81434BE0752}.Win64|x64.ActiveCfg = Release|Win32
		{3A27D822-CF29-498B-9E0E-E02B264E6FF2}.Debug|Win32.ActiveCfg = Debug|Win32
		{3A27D822-CF29-498B-9E0E-E02B264E6FF2}.Debug|Win32.Build.0 = Debug|Win32
		{3A27D822-CF29-498B-9E0E-E02B264E6FF2}.Debug|x64.ActiveCfg = Debug|Win32
		{3A27D822-CF29-498B-9E0E-E02B264E6FF2}.Release|Win32.ActiveCfg = Release|Win32
		{3A27D822-CF29-498B-9E0E-E02B264E6FF2}.Release|Win32.Build.0 = Release|Win32
		{3A27D822-CF29-498B-9E0E-E02B264E6FF2}.Release|x64.ActiveCfg = Release|Win32
		{3A27D822-CF29-498B-9E0E-E02B264E6FF2}.Win64|Win32.ActiveCfg = Release|Win32
		{3A27D822-CF29-498B-9E0E-E02B264E6FF2}.Win64|Win32.Build.0 = Release|Win32
		{3A27D822-CF29-498B-9E0E-E02B264E6FF2}.Win64|x64.ActiveCfg = Release|Win32
	EndGlobalSection
	GlobalSection(SolutionProperties) = preSolution
		HideSolutionNode = FALSE
	EndGlobalSection
EndGlobal
