
Microsoft Visual Studio Solution File, Format Version 9.00
# Visual Studio 2005
Project("{8BC9CEB8-8B4A-11D0-8D11-00A0C91BC942}") = "mandelbrot", "mandelbrot\mandelbrot.vcproj", "{8025D7D1-94A3-4B49-B6DA-46477293499F}"
EndProject
Global
	GlobalSection(SolutionConfigurationPlatforms) = preSolution
		Debug|Win32 = Debug|Win32
		Release|Win32 = Release|Win32
	EndGlobalSection
	GlobalSection(ProjectConfigurationPlatforms) = postSolution
		{8025D7D1-94A3-4B49-B6DA-46477293499F}.Debug|Win32.ActiveCfg = Debug|Win32
		{8025D7D1-94A3-4B49-B6DA-46477293499F}.Debug|Win32.Build.0 = Debug|Win32
		{8025D7D1-94A3-4B49-B6DA-46477293499F}.Release|Win32.ActiveCfg = Release|Win32
		{8025D7D1-94A3-4B49-B6DA-46477293499F}.Release|Win32.Build.0 = Release|Win32
	EndGlobalSection
	GlobalSection(SolutionProperties) = preSolution
		HideSolutionNode = FALSE
	EndGlobalSection
EndGlobal
