
Microsoft Visual Studio Solution File, Format Version 9.00
# Visual Studio 2005
Project("{8BC9CEB8-8B4A-11D0-8D11-00A0C91BC942}") = "SkinStyle", "SkinStyle.vcproj", "{D3BCD77C-221D-45E9-84EF-D4CB40B86136}"
EndProject
Project("{8BC9CEB8-8B4A-11D0-8D11-00A0C91BC942}") = "SkinTest", "SkinTest\SkinTest.vcproj", "{410B5A31-FD12-4BBD-A97B-4FAEBFA85D1D}"
	ProjectSection(ProjectDependencies) = postProject
		{D3BCD77C-221D-45E9-84EF-D4CB40B86136} = {D3BCD77C-221D-45E9-84EF-D4CB40B86136}
	EndProjectSection
EndProject
Global
	GlobalSection(SolutionConfigurationPlatforms) = preSolution
		Debug|Win32 = Debug|Win32
		Release Tiny|Win32 = Release Tiny|Win32
		Release|Win32 = Release|Win32
	EndGlobalSection
	GlobalSection(ProjectConfigurationPlatforms) = postSolution
		{D3BCD77C-221D-45E9-84EF-D4CB40B86136}.Debug|Win32.ActiveCfg = Debug|Win32
		{D3BCD77C-221D-45E9-84EF-D4CB40B86136}.Debug|Win32.Build.0 = Debug|Win32
		{D3BCD77C-221D-45E9-84EF-D4CB40B86136}.Release Tiny|Win32.ActiveCfg = Release Tiny|Win32
		{D3BCD77C-221D-45E9-84EF-D4CB40B86136}.Release Tiny|Win32.Build.0 = Release Tiny|Win32
		{D3BCD77C-221D-45E9-84EF-D4CB40B86136}.Release|Win32.ActiveCfg = Release|Win32
		{D3BCD77C-221D-45E9-84EF-D4CB40B86136}.Release|Win32.Build.0 = Release|Win32
		{410B5A31-FD12-4BBD-A97B-4FAEBFA85D1D}.Debug|Win32.ActiveCfg = Debug|Win32
		{410B5A31-FD12-4BBD-A97B-4FAEBFA85D1D}.Debug|Win32.Build.0 = Debug|Win32
		{410B5A31-FD12-4BBD-A97B-4FAEBFA85D1D}.Release Tiny|Win32.ActiveCfg = Release Tiny|Win32
		{410B5A31-FD12-4BBD-A97B-4FAEBFA85D1D}.Release Tiny|Win32.Build.0 = Release Tiny|Win32
		{410B5A31-FD12-4BBD-A97B-4FAEBFA85D1D}.Release|Win32.ActiveCfg = Release|Win32
		{410B5A31-FD12-4BBD-A97B-4FAEBFA85D1D}.Release|Win32.Build.0 = Release|Win32
	EndGlobalSection
	GlobalSection(SolutionProperties) = preSolution
		HideSolutionNode = FALSE
	EndGlobalSection
EndGlobal
